{
  "version": 4,
  "terraform_version": "1.1.9",
  "serial": 504,
  "lineage": "5e570e7e-c5f2-3b2c-8117-1ba7ef40b586",
  "outputs": {
    "jenkins_ip": {
      "value": "18.234.132.241",
      "type": "string"
    }
  },
  "resources": [
    {
      "mode": "managed",
      "type": "aws_default_subnet",
      "name": "default",
      "provider": "provider[\"registry.terraform.io/hashicorp/aws\"]",
      "instances": [
        {
          "schema_version": 1,
          "attributes": {
            "arn": "arn:aws:ec2:us-east-1:865818553131:subnet/subnet-0c33d07bf32823deb",
            "assign_ipv6_address_on_creation": false,
            "availability_zone": "us-east-1a",
            "availability_zone_id": "use1-az4",
            "cidr_block": "172.31.16.0/20",
            "customer_owned_ipv4_pool": "",
            "enable_dns64": false,
            "enable_resource_name_dns_a_record_on_launch": false,
            "enable_resource_name_dns_aaaa_record_on_launch": false,
            "existing_default_subnet": true,
            "force_destroy": false,
            "id": "subnet-0c33d07bf32823deb",
            "ipv6_cidr_block": "",
            "ipv6_cidr_block_association_id": "",
            "ipv6_native": false,
            "map_customer_owned_ip_on_launch": false,
            "map_public_ip_on_launch": true,
            "outpost_arn": "",
            "owner_id": "865818553131",
            "private_dns_hostname_type_on_launch": "ip-name",
            "tags": null,
            "tags_all": {},
            "timeouts": null,
            "vpc_id": "vpc-029f9a808713e3256"
          },
          "sensitive_attributes": [],
          "private": "eyJlMmJmYjczMC1lY2FhLTExZTYtOGY4OC0zNDM2M2JjN2M0YzAiOnsiY3JlYXRlIjo2MDAwMDAwMDAwMDAsImRlbGV0ZSI6MTIwMDAwMDAwMDAwMH0sInNjaGVtYV92ZXJzaW9uIjoiMSJ9"
        }
      ]
    },
    {
      "mode": "managed",
      "type": "aws_default_vpc",
      "name": "default",
      "provider": "provider[\"registry.terraform.io/hashicorp/aws\"]",
      "instances": [
        {
          "schema_version": 1,
          "attributes": {
            "arn": "arn:aws:ec2:us-east-1:865818553131:vpc/vpc-029f9a808713e3256",
            "assign_generated_ipv6_cidr_block": false,
            "cidr_block": "172.31.0.0/16",
            "default_network_acl_id": "acl-0ca5355e2f6ea9372",
            "default_route_table_id": "rtb-0f9af7b63e3542638",
            "default_security_group_id": "sg-0a2a3e9c98455171a",
            "dhcp_options_id": "dopt-0c007ecf30257d0c7",
            "enable_classiclink": false,
            "enable_classiclink_dns_support": false,
            "enable_dns_hostnames": true,
            "enable_dns_support": true,
            "enable_network_address_usage_metrics": false,
            "existing_default_vpc": true,
            "force_destroy": false,
            "id": "vpc-029f9a808713e3256",
            "instance_tenancy": "default",
            "ipv6_association_id": "",
            "ipv6_cidr_block": "",
            "ipv6_cidr_block_network_border_group": "",
            "ipv6_ipam_pool_id": "",
            "ipv6_netmask_length": 0,
            "main_route_table_id": "rtb-0f9af7b63e3542638",
            "owner_id": "865818553131",
            "tags": null,
            "tags_all": {}
          },
          "sensitive_attributes": [],
          "private": "eyJzY2hlbWFfdmVyc2lvbiI6IjEifQ=="
        }
      ]
    },
    {
      "mode": "managed",
      "type": "aws_instance",
      "name": "ansible_control_machine",
      "provider": "provider[\"registry.terraform.io/hashicorp/aws\"]",
      "instances": [
        {
          "schema_version": 1,
          "attributes": {
            "ami": "ami-0aa2b7722dc1b5612",
            "arn": "arn:aws:ec2:us-east-1:865818553131:instance/i-0094018907e656792",
            "associate_public_ip_address": true,
            "availability_zone": "us-east-1a",
            "capacity_reservation_specification": [
              {
                "capacity_reservation_preference": "open",
                "capacity_reservation_target": []
              }
            ],
            "cpu_core_count": 1,
            "cpu_threads_per_core": 1,
            "credit_specification": [
              {
                "cpu_credits": "standard"
              }
            ],
            "disable_api_stop": false,
            "disable_api_termination": false,
            "ebs_block_device": [],
            "ebs_optimized": false,
            "enclave_options": [
              {
                "enabled": false
              }
            ],
            "ephemeral_block_device": [],
            "get_password_data": false,
            "hibernation": false,
            "host_id": "",
            "host_resource_group_arn": null,
            "iam_instance_profile": "",
            "id": "i-0094018907e656792",
            "instance_initiated_shutdown_behavior": "stop",
            "instance_state": "running",
            "instance_type": "t2.micro",
            "ipv6_address_count": 0,
            "ipv6_addresses": [],
            "key_name": "jenkins_nexus",
            "launch_template": [],
            "maintenance_options": [
              {
                "auto_recovery": "default"
              }
            ],
            "metadata_options": [
              {
                "http_endpoint": "enabled",
                "http_put_response_hop_limit": 1,
                "http_tokens": "optional",
                "instance_metadata_tags": "disabled"
              }
            ],
            "monitoring": false,
            "network_interface": [],
            "outpost_arn": "",
            "password_data": "",
            "placement_group": "",
            "placement_partition_number": 0,
            "primary_network_interface_id": "eni-046419234c3bd2d26",
            "private_dns": "ip-172-31-26-77.ec2.internal",
            "private_dns_name_options": [
              {
                "enable_resource_name_dns_a_record": false,
                "enable_resource_name_dns_aaaa_record": false,
                "hostname_type": "ip-name"
              }
            ],
            "private_ip": "172.31.26.77",
            "public_dns": "ec2-54-91-3-0.compute-1.amazonaws.com",
            "public_ip": "54.91.3.0",
            "root_block_device": [
              {
                "delete_on_termination": true,
                "device_name": "/dev/sda1",
                "encrypted": false,
                "iops": 100,
                "kms_key_id": "",
                "tags": {},
                "throughput": 0,
                "volume_id": "vol-057bb8fba70500d06",
                "volume_size": 8,
                "volume_type": "gp2"
              }
            ],
            "secondary_private_ips": [],
            "security_groups": [
              "ansible_sg"
            ],
            "source_dest_check": true,
            "subnet_id": "subnet-0c33d07bf32823deb",
            "tags": {
              "Name": "AnsibleControlMachine"
            },
            "tags_all": {
              "Name": "AnsibleControlMachine"
            },
            "tenancy": "default",
            "timeouts": null,
            "user_data": null,
            "user_data_base64": null,
            "user_data_replace_on_change": false,
            "volume_tags": null,
            "vpc_security_group_ids": [
              "sg-05c157bacc38b68e6"
            ]
          },
          "sensitive_attributes": [],
          "private": "eyJlMmJmYjczMC1lY2FhLTExZTYtOGY4OC0zNDM2M2JjN2M0YzAiOnsiY3JlYXRlIjo2MDAwMDAwMDAwMDAsImRlbGV0ZSI6MTIwMDAwMDAwMDAwMCwidXBkYXRlIjo2MDAwMDAwMDAwMDB9LCJzY2hlbWFfdmVyc2lvbiI6IjEifQ==",
          "dependencies": [
            "aws_default_subnet.default",
            "aws_security_group.ansible_sg"
          ]
        }
      ]
    },
    {
      "mode": "managed",
      "type": "aws_security_group",
      "name": "ansible_sg",
      "provider": "provider[\"registry.terraform.io/hashicorp/aws\"]",
      "instances": [
        {
          "schema_version": 1,
          "attributes": {
            "arn": "arn:aws:ec2:us-east-1:865818553131:security-group/sg-05c157bacc38b68e6",
            "description": "Security group for Ansible control machine",
            "egress": [
              {
                "cidr_blocks": [
                  "0.0.0.0/0"
                ],
                "description": "",
                "from_port": 0,
                "ipv6_cidr_blocks": [],
                "prefix_list_ids": [],
                "protocol": "-1",
                "security_groups": [],
                "self": false,
                "to_port": 0
              }
            ],
            "id": "sg-05c157bacc38b68e6",
            "ingress": [
              {
                "cidr_blocks": [
                  "0.0.0.0/0"
                ],
                "description": "",
                "from_port": 22,
                "ipv6_cidr_blocks": [],
                "prefix_list_ids": [],
                "protocol": "tcp",
                "security_groups": [],
                "self": false,
                "to_port": 22
              }
            ],
            "name": "ansible_sg",
            "name_prefix": "",
            "owner_id": "865818553131",
            "revoke_rules_on_delete": false,
            "tags": null,
            "tags_all": {},
            "timeouts": null,
            "vpc_id": "vpc-029f9a808713e3256"
          },
          "sensitive_attributes": [],
          "private": "eyJlMmJmYjczMC1lY2FhLTExZTYtOGY4OC0zNDM2M2JjN2M0YzAiOnsiY3JlYXRlIjo2MDAwMDAwMDAwMDAsImRlbGV0ZSI6OTAwMDAwMDAwMDAwfSwic2NoZW1hX3ZlcnNpb24iOiIxIn0="
        }
      ]
    },
    {
      "mode": "managed",
      "type": "null_resource",
      "name": "ansible_provisioner",
      "provider": "provider[\"registry.terraform.io/hashicorp/null\"]",
      "instances": [
        {
          "status": "tainted",
          "schema_version": 0,
          "attributes": {
            "id": "4977332749933050013",
            "triggers": null
          },
          "sensitive_attributes": [],
          "dependencies": [
            "aws_default_subnet.default",
            "aws_instance.ansible_control_machine",
            "aws_security_group.ansible_sg",
            "module.jenkins.aws_instance.jenkins",
            "module.jenkins.aws_security_group.jenkins_sg"
          ]
        }
      ]
    },
    {
      "module": "module.eks",
      "mode": "data",
      "type": "aws_availability_zones",
      "name": "available",
      "provider": "module.eks.provider[\"registry.terraform.io/hashicorp/aws\"]",
      "instances": [
        {
          "schema_version": 0,
          "attributes": {
            "all_availability_zones": null,
            "exclude_names": null,
            "exclude_zone_ids": null,
            "filter": null,
            "group_names": [
              "us-east-1"
            ],
            "id": "us-east-1",
            "names": [
              "us-east-1a",
              "us-east-1b",
              "us-east-1c",
              "us-east-1d",
              "us-east-1e",
              "us-east-1f"
            ],
            "state": null,
            "timeouts": null,
            "zone_ids": [
              "use1-az4",
              "use1-az6",
              "use1-az1",
              "use1-az2",
              "use1-az3",
              "use1-az5"
            ]
          },
          "sensitive_attributes": []
        }
      ]
    },
    {
      "module": "module.eks",
      "mode": "data",
      "type": "aws_eks_cluster",
      "name": "cluster",
      "provider": "module.eks.provider[\"registry.terraform.io/hashicorp/aws\"]",
      "instances": [
        {
          "schema_version": 0,
          "attributes": {
            "arn": "arn:aws:eks:us-east-1:865818553131:cluster/test-eks-cluster-AdTJBHpL",
            "certificate_authority": [
              {
                "data": "LS0tLS1CRUdJTiBDRVJUSUZJQ0FURS0tLS0tCk1JSUMvakNDQWVhZ0F3SUJBZ0lCQURBTkJna3Foa2lHOXcwQkFRc0ZBREFWTVJNd0VRWURWUVFERXdwcmRXSmwKY201bGRHVnpNQjRYRFRJek1EWXdNVEl5TkRRME1Wb1hEVE16TURVeU9USXlORFEwTVZvd0ZURVRNQkVHQTFVRQpBeE1LYTNWaVpYSnVaWFJsY3pDQ0FTSXdEUVlKS29aSWh2Y05BUUVCQlFBRGdnRVBBRENDQVFvQ2dnRUJBUEU1Ckl5QVd2eC9CUkdJSXVJbVB6c0UxdzJQcGVyblJ1UytkNWlWU2xyTGJOU0crYnl0N0JUdHVFeW5yWU14bjZCTnkKM3JmZlQ2MDNraFNIT3hkTU9VNk1jNWZ1TGpoT3Y1NU51enp6dHljUXVxMnlFL1VRSmp2SHl5VlF5Q3JEZm1hMgpkYnJuNVZiUUVWSHlTdWtwQ2VmSjJkYW8wSFpMNkxjZk1UbzhobEhGVzhXTW5GRGgvMTB4d2Q4SUZjWldqcWU0CjVtZjZXQWVZdkt4bitQNDl1UWNFUGp6c29JTXcvWkpKMjF0ZGlYdkI1Sys2MXoydjJWRzJSa010UTRsVXZya0oKQUZYWUFyOXZqSE1ZK1pJaEk5K2dOSFliRFJlT1VmcE5kT2RDMFZ5Qml3N3FSY0ZJQkdJTXV4UFVLb2VEbFFYRAo3QUt5ZkNVakJKdjBLc0c2dmVVQ0F3RUFBYU5aTUZjd0RnWURWUjBQQVFIL0JBUURBZ0trTUE4R0ExVWRFd0VCCi93UUZNQU1CQWY4d0hRWURWUjBPQkJZRUZMdUpIcDI2WDBoMVNuY3FPb3NrWGhkWkxncVVNQlVHQTFVZEVRUU8KTUF5Q0NtdDFZbVZ5Ym1WMFpYTXdEUVlKS29aSWh2Y05BUUVMQlFBRGdnRUJBRmdXdStxWHVPbGxXZnJxVDR5VwovNmRITUgrYUVlVzYyVHllc3IvODlhZ3NJbTE4MktZb0x6NWRmUHhoU3RkVzN3TmxWTmxRSkcwaitXckgrSExtCkcrRWpIdElBSWpMdExkZ0haLy9JQlR4QkZCNnNrU0p2UE54WWdsYWx2YVpwaGtLYkVZb2d2S3lVNUNyeGx2ZHcKK2dYUkNSV0piSmM3QnU1cklTalNUK3ZzNjQ5UlNuR3RZeVo5UGRySGlabS9tYStRMjhkTWYxZXJ1SzNkU2t6MAp2WVlCcE4rd29qZExERXhqQ2E3Z041NFdYYks5UTY1MTNaenBXb1JBYzJLQ0RzU1AwOEp5aFJXRnFqR3o0cTQ3CjhQaTVkKzhJUC95UGtMWW0vM0UzdWt3Ukg1bFVXYzFSMllPcXJBTFJQYmxpTnpSLzJNTGxIdUhOeTIxZTU4TXIKWHl3PQotLS0tLUVORCBDRVJUSUZJQ0FURS0tLS0tCg=="
              }
            ],
            "cluster_id": null,
            "created_at": "2023-06-01 22:39:23.963 +0000 UTC",
            "enabled_cluster_log_types": [],
            "endpoint": "https://7289CB65A9D5B6F007F715B601EC826E.gr7.us-east-1.eks.amazonaws.com",
            "id": "test-eks-cluster-AdTJBHpL",
            "identity": [
              {
                "oidc": [
                  {
                    "issuer": "https://oidc.eks.us-east-1.amazonaws.com/id/7289CB65A9D5B6F007F715B601EC826E"
                  }
                ]
              }
            ],
            "kubernetes_network_config": [
              {
                "ip_family": "ipv4",
                "service_ipv4_cidr": "172.20.0.0/16",
                "service_ipv6_cidr": ""
              }
            ],
            "name": "test-eks-cluster-AdTJBHpL",
            "outpost_config": [],
            "platform_version": "eks.1",
            "role_arn": "arn:aws:iam::865818553131:role/test-eks-cluster-AdTJBHpL20230601223906326900000003",
            "status": "ACTIVE",
            "tags": {},
            "version": "1.27",
            "vpc_config": [
              {
                "cluster_security_group_id": "sg-021ae8de64c60bd08",
                "endpoint_private_access": false,
                "endpoint_public_access": true,
                "public_access_cidrs": [
                  "0.0.0.0/0"
                ],
                "security_group_ids": [
                  "sg-07298b91f95dbb0aa"
                ],
                "subnet_ids": [
                  "subnet-049a603329655e618",
                  "subnet-04af401e77793ae1a",
                  "subnet-0a9267a5aea0d8ae0"
                ],
                "vpc_id": "vpc-096cf5455429b245b"
              }
            ]
          },
          "sensitive_attributes": []
        }
      ]
    },
    {
      "module": "module.eks",
      "mode": "data",
      "type": "aws_eks_cluster_auth",
      "name": "cluster",
      "provider": "module.eks.provider[\"registry.terraform.io/hashicorp/aws\"]",
      "instances": [
        {
          "schema_version": 0,
          "attributes": {
            "id": "test-eks-cluster-AdTJBHpL",
            "name": "test-eks-cluster-AdTJBHpL",
            "token": "k8s-aws-v1.aHR0cHM6Ly9zdHMuYW1hem9uYXdzLmNvbS8_QWN0aW9uPUdldENhbGxlcklkZW50aXR5JlZlcnNpb249MjAxMS0wNi0xNSZYLUFtei1BbGdvcml0aG09QVdTNC1ITUFDLVNIQTI1NiZYLUFtei1DcmVkZW50aWFsPUFLSUE0VEZXT1ZNVlRaN09YQUtGJTJGMjAyMzA2MDElMkZ1cy1lYXN0LTElMkZzdHMlMkZhd3M0X3JlcXVlc3QmWC1BbXotRGF0ZT0yMDIzMDYwMVQyMjQ3MTdaJlgtQW16LUV4cGlyZXM9MCZYLUFtei1TaWduZWRIZWFkZXJzPWhvc3QlM0J4LWs4cy1hd3MtaWQmWC1BbXotU2lnbmF0dXJlPTIyNWFkOTFhNDAwYjE3YmNlYjQwZDRjYjY4NTA0NjViMWMwZGE4ZGZhNTJlNjg2ZTk2ODAzZTk1NmQwMWQ5MTk"
          },
          "sensitive_attributes": []
        }
      ]
    },
    {
      "module": "module.eks",
      "mode": "managed",
      "type": "aws_security_group",
      "name": "all_worker_mgmt",
      "provider": "module.eks.provider[\"registry.terraform.io/hashicorp/aws\"]",
      "instances": [
        {
          "schema_version": 1,
          "attributes": {
            "arn": "arn:aws:ec2:us-east-1:865818553131:security-group/sg-08c6a61c0181c4549",
            "description": "Managed by Terraform",
            "egress": [],
            "id": "sg-08c6a61c0181c4549",
            "ingress": [
              {
                "cidr_blocks": [
                  "10.0.0.0/8",
                  "172.16.0.0/12",
                  "192.168.0.0/16"
                ],
                "description": "",
                "from_port": 22,
                "ipv6_cidr_blocks": [],
                "prefix_list_ids": [],
                "protocol": "tcp",
                "security_groups": [],
                "self": false,
                "to_port": 22
              }
            ],
            "name": "all_worker_management2023060122391872040000000b",
            "name_prefix": "all_worker_management",
            "owner_id": "865818553131",
            "revoke_rules_on_delete": false,
            "tags": null,
            "tags_all": {},
            "timeouts": null,
            "vpc_id": "vpc-096cf5455429b245b"
          },
          "sensitive_attributes": [],
          "private": "eyJlMmJmYjczMC1lY2FhLTExZTYtOGY4OC0zNDM2M2JjN2M0YzAiOnsiY3JlYXRlIjo2MDAwMDAwMDAwMDAsImRlbGV0ZSI6OTAwMDAwMDAwMDAwfSwic2NoZW1hX3ZlcnNpb24iOiIxIn0=",
          "dependencies": [
            "module.eks.module.vpc.aws_vpc.this",
            "module.eks.random_string.suffix"
          ]
        }
      ]
    },
    {
      "module": "module.eks",
      "mode": "managed",
      "type": "aws_security_group",
      "name": "worker_group_mgmt_one",
      "provider": "module.eks.provider[\"registry.terraform.io/hashicorp/aws\"]",
      "instances": [
        {
          "schema_version": 1,
          "attributes": {
            "arn": "arn:aws:ec2:us-east-1:865818553131:security-group/sg-0dbc63f0d7aaefe2d",
            "description": "Managed by Terraform",
            "egress": [],
            "id": "sg-0dbc63f0d7aaefe2d",
            "ingress": [
              {
                "cidr_blocks": [
                  "172.31.16.0/20"
                ],
                "description": "",
                "from_port": 22,
                "ipv6_cidr_blocks": [],
                "prefix_list_ids": [],
                "protocol": "tcp",
                "security_groups": [],
                "self": false,
                "to_port": 22
              }
            ],
            "name": "worker_group_mgmt_one20230601223917969800000009",
            "name_prefix": "worker_group_mgmt_one",
            "owner_id": "865818553131",
            "revoke_rules_on_delete": false,
            "tags": null,
            "tags_all": {},
            "timeouts": null,
            "vpc_id": "vpc-096cf5455429b245b"
          },
          "sensitive_attributes": [],
          "private": "eyJlMmJmYjczMC1lY2FhLTExZTYtOGY4OC0zNDM2M2JjN2M0YzAiOnsiY3JlYXRlIjo2MDAwMDAwMDAwMDAsImRlbGV0ZSI6OTAwMDAwMDAwMDAwfSwic2NoZW1hX3ZlcnNpb24iOiIxIn0=",
          "dependencies": [
            "module.eks.module.vpc.aws_vpc.this",
            "module.eks.random_string.suffix"
          ],
          "create_before_destroy": true
        }
      ]
    },
    {
      "module": "module.eks",
      "mode": "managed",
      "type": "aws_security_group",
      "name": "worker_group_mgmt_two",
      "provider": "module.eks.provider[\"registry.terraform.io/hashicorp/aws\"]",
      "instances": [
        {
          "schema_version": 1,
          "attributes": {
            "arn": "arn:aws:ec2:us-east-1:865818553131:security-group/sg-01c68307e3f0c3dc4",
            "description": "Managed by Terraform",
            "egress": [],
            "id": "sg-01c68307e3f0c3dc4",
            "ingress": [
              {
                "cidr_blocks": [
                  "192.168.0.0/16"
                ],
                "description": "",
                "from_port": 22,
                "ipv6_cidr_blocks": [],
                "prefix_list_ids": [],
                "protocol": "tcp",
                "security_groups": [],
                "self": false,
                "to_port": 22
              }
            ],
            "name": "worker_group_mgmt_two2023060122391872030000000a",
            "name_prefix": "worker_group_mgmt_two",
            "owner_id": "865818553131",
            "revoke_rules_on_delete": false,
            "tags": null,
            "tags_all": {},
            "timeouts": null,
            "vpc_id": "vpc-096cf5455429b245b"
          },
          "sensitive_attributes": [],
          "private": "eyJlMmJmYjczMC1lY2FhLTExZTYtOGY4OC0zNDM2M2JjN2M0YzAiOnsiY3JlYXRlIjo2MDAwMDAwMDAwMDAsImRlbGV0ZSI6OTAwMDAwMDAwMDAwfSwic2NoZW1hX3ZlcnNpb24iOiIxIn0=",
          "dependencies": [
            "module.eks.module.vpc.aws_vpc.this",
            "module.eks.random_string.suffix"
          ],
          "create_before_destroy": true
        }
      ]
    },
    {
      "module": "module.eks",
      "mode": "managed",
      "type": "kubernetes_deployment",
      "name": "test",
      "provider": "module.eks.provider[\"registry.terraform.io/hashicorp/kubernetes\"]",
      "instances": [
        {
          "schema_version": 1,
          "attributes": {
            "id": "nginx/nginx",
            "metadata": [
              {
                "annotations": null,
                "generate_name": "",
                "generation": 1,
                "labels": null,
                "name": "nginx",
                "namespace": "nginx",
                "resource_version": "1109",
                "uid": "c3f04fe3-e85e-433a-b2f0-dc43ee912003"
              }
            ],
            "spec": [
              {
                "min_ready_seconds": 0,
                "paused": false,
                "progress_deadline_seconds": 600,
                "replicas": "2",
                "revision_history_limit": 10,
                "selector": [
                  {
                    "match_expressions": [],
                    "match_labels": {
                      "app": "MyTestApp"
                    }
                  }
                ],
                "strategy": [
                  {
                    "rolling_update": [
                      {
                        "max_surge": "25%",
                        "max_unavailable": "25%"
                      }
                    ],
                    "type": "RollingUpdate"
                  }
                ],
                "template": [
                  {
                    "metadata": [
                      {
                        "annotations": null,
                        "generate_name": "",
                        "generation": 0,
                        "labels": {
                          "app": "MyTestApp"
                        },
                        "name": "",
                        "namespace": "",
                        "resource_version": "",
                        "uid": ""
                      }
                    ],
                    "spec": [
                      {
                        "active_deadline_seconds": 0,
                        "affinity": [],
                        "automount_service_account_token": true,
                        "container": [
                          {
                            "args": null,
                            "command": null,
                            "env": [],
                            "env_from": [],
                            "image": "nginx",
                            "image_pull_policy": "Always",
                            "lifecycle": [],
                            "liveness_probe": [],
                            "name": "nginx-container",
                            "port": [
                              {
                                "container_port": 80,
                                "host_ip": "",
                                "host_port": 0,
                                "name": "",
                                "protocol": "TCP"
                              }
                            ],
                            "readiness_probe": [],
                            "resources": [
                              {
                                "limits": {},
                                "requests": {}
                              }
                            ],
                            "security_context": [],
                            "startup_probe": [],
                            "stdin": false,
                            "stdin_once": false,
                            "termination_message_path": "/dev/termination-log",
                            "termination_message_policy": "File",
                            "tty": false,
                            "volume_mount": [],
                            "working_dir": ""
                          }
                        ],
                        "dns_config": [],
                        "dns_policy": "ClusterFirst",
                        "enable_service_links": true,
                        "host_aliases": [],
                        "host_ipc": false,
                        "host_network": false,
                        "host_pid": false,
                        "hostname": "",
                        "image_pull_secrets": [],
                        "init_container": [],
                        "node_name": "",
                        "node_selector": null,
                        "priority_class_name": "",
                        "readiness_gate": [],
                        "restart_policy": "Always",
                        "runtime_class_name": "",
                        "scheduler_name": "default-scheduler",
                        "security_context": [],
                        "service_account_name": "",
                        "share_process_namespace": false,
                        "subdomain": "",
                        "termination_grace_period_seconds": 30,
                        "toleration": [],
                        "topology_spread_constraint": [],
                        "volume": []
                      }
                    ]
                  }
                ]
              }
            ],
            "timeouts": null,
            "wait_for_rollout": true
          },
          "sensitive_attributes": [],
          "private": "eyJlMmJmYjczMC1lY2FhLTExZTYtOGY4OC0zNDM2M2JjN2M0YzAiOnsiY3JlYXRlIjo2MDAwMDAwMDAwMDAsImRlbGV0ZSI6NjAwMDAwMDAwMDAwLCJ1cGRhdGUiOjYwMDAwMDAwMDAwMH0sInNjaGVtYV92ZXJzaW9uIjoiMSJ9",
          "dependencies": [
            "module.eks.data.aws_availability_zones.available",
            "module.eks.data.aws_eks_cluster.cluster",
            "module.eks.data.aws_eks_cluster_auth.cluster",
            "module.eks.kubernetes_namespace.test",
            "module.eks.module.eks.aws_cloudwatch_log_group.this",
            "module.eks.module.eks.aws_eks_cluster.this",
            "module.eks.module.eks.aws_iam_role.cluster",
            "module.eks.module.eks.aws_iam_role_policy_attachment.cluster_AmazonEKSClusterPolicy",
            "module.eks.module.eks.aws_iam_role_policy_attachment.cluster_AmazonEKSServicePolicy",
            "module.eks.module.eks.aws_iam_role_policy_attachment.cluster_AmazonEKSVPCResourceControllerPolicy",
            "module.eks.module.eks.aws_security_group.cluster",
            "module.eks.module.eks.aws_security_group.workers",
            "module.eks.module.eks.aws_security_group_rule.cluster_egress_internet",
            "module.eks.module.eks.aws_security_group_rule.cluster_https_worker_ingress",
            "module.eks.module.eks.aws_security_group_rule.cluster_private_access_cidrs_source",
            "module.eks.module.eks.aws_security_group_rule.cluster_private_access_sg_source",
            "module.eks.module.eks.data.aws_iam_policy_document.cluster_assume_role_policy",
            "module.eks.module.eks.data.aws_iam_role.custom_cluster_iam_role",
            "module.eks.module.eks.data.aws_partition.current",
            "module.eks.module.eks.data.http.wait_for_cluster",
            "module.eks.module.vpc.aws_subnet.private",
            "module.eks.module.vpc.aws_vpc.this",
            "module.eks.module.vpc.aws_vpc_ipv4_cidr_block_association.this",
            "module.eks.random_string.suffix"
          ]
        }
      ]
    },
    {
      "module": "module.eks",
      "mode": "managed",
      "type": "kubernetes_namespace",
      "name": "test",
      "provider": "module.eks.provider[\"registry.terraform.io/hashicorp/kubernetes\"]",
      "instances": [
        {
          "schema_version": 0,
          "attributes": {
            "id": "nginx",
            "metadata": [
              {
                "annotations": null,
                "generate_name": "",
                "generation": 0,
                "labels": null,
                "name": "nginx",
                "resource_version": "651",
                "uid": "b7b5ca46-bf35-4b01-ad00-48116bc97b1e"
              }
            ],
            "timeouts": null
          },
          "sensitive_attributes": [],
          "private": "eyJlMmJmYjczMC1lY2FhLTExZTYtOGY4OC0zNDM2M2JjN2M0YzAiOnsiZGVsZXRlIjozMDAwMDAwMDAwMDB9fQ==",
          "dependencies": [
            "module.eks.data.aws_availability_zones.available",
            "module.eks.data.aws_eks_cluster.cluster",
            "module.eks.data.aws_eks_cluster_auth.cluster",
            "module.eks.module.eks.aws_cloudwatch_log_group.this",
            "module.eks.module.eks.aws_eks_cluster.this",
            "module.eks.module.eks.aws_iam_role.cluster",
            "module.eks.module.eks.aws_iam_role_policy_attachment.cluster_AmazonEKSClusterPolicy",
            "module.eks.module.eks.aws_iam_role_policy_attachment.cluster_AmazonEKSServicePolicy",
            "module.eks.module.eks.aws_iam_role_policy_attachment.cluster_AmazonEKSVPCResourceControllerPolicy",
            "module.eks.module.eks.aws_security_group.cluster",
            "module.eks.module.eks.aws_security_group.workers",
            "module.eks.module.eks.aws_security_group_rule.cluster_egress_internet",
            "module.eks.module.eks.aws_security_group_rule.cluster_https_worker_ingress",
            "module.eks.module.eks.aws_security_group_rule.cluster_private_access_cidrs_source",
            "module.eks.module.eks.aws_security_group_rule.cluster_private_access_sg_source",
            "module.eks.module.eks.data.aws_iam_policy_document.cluster_assume_role_policy",
            "module.eks.module.eks.data.aws_iam_role.custom_cluster_iam_role",
            "module.eks.module.eks.data.aws_partition.current",
            "module.eks.module.eks.data.http.wait_for_cluster",
            "module.eks.module.vpc.aws_subnet.private",
            "module.eks.module.vpc.aws_vpc.this",
            "module.eks.module.vpc.aws_vpc_ipv4_cidr_block_association.this",
            "module.eks.random_string.suffix"
          ]
        }
      ]
    },
    {
      "module": "module.eks",
      "mode": "managed",
      "type": "kubernetes_service",
      "name": "test",
      "provider": "module.eks.provider[\"registry.terraform.io/hashicorp/kubernetes\"]",
      "instances": [
        {
          "schema_version": 1,
          "attributes": {
            "id": "nginx/nginx",
            "metadata": [
              {
                "annotations": null,
                "generate_name": "",
                "generation": 0,
                "labels": null,
                "name": "nginx",
                "namespace": "nginx",
                "resource_version": "1177",
                "uid": "ea4bf59e-b457-4e43-98c8-cc873b45fee9"
              }
            ],
            "spec": [
              {
                "allocate_load_balancer_node_ports": true,
                "cluster_ip": "172.20.181.53",
                "cluster_ips": [
                  "172.20.181.53"
                ],
                "external_ips": null,
                "external_name": "",
                "external_traffic_policy": "Cluster",
                "health_check_node_port": 0,
                "internal_traffic_policy": "Cluster",
                "ip_families": [
                  "IPv4"
                ],
                "ip_family_policy": "SingleStack",
                "load_balancer_class": "",
                "load_balancer_ip": "",
                "load_balancer_source_ranges": null,
                "port": [
                  {
                    "app_protocol": "",
                    "name": "",
                    "node_port": 31833,
                    "port": 80,
                    "protocol": "TCP",
                    "target_port": "80"
                  }
                ],
                "publish_not_ready_addresses": false,
                "selector": {
                  "app": "MyTestApp"
                },
                "session_affinity": "None",
                "session_affinity_config": [],
                "type": "LoadBalancer"
              }
            ],
            "status": [
              {
                "load_balancer": [
                  {
                    "ingress": [
                      {
                        "hostname": "aea4bf59eb4574e4398c8cc873b45fee-1895775877.us-east-1.elb.amazonaws.com",
                        "ip": ""
                      }
                    ]
                  }
                ]
              }
            ],
            "timeouts": null,
            "wait_for_load_balancer": true
          },
          "sensitive_attributes": [],
          "private": "eyJlMmJmYjczMC1lY2FhLTExZTYtOGY4OC0zNDM2M2JjN2M0YzAiOnsiY3JlYXRlIjo2MDAwMDAwMDAwMDB9LCJzY2hlbWFfdmVyc2lvbiI6IjEifQ==",
          "dependencies": [
            "module.eks.data.aws_availability_zones.available",
            "module.eks.data.aws_eks_cluster.cluster",
            "module.eks.data.aws_eks_cluster_auth.cluster",
            "module.eks.kubernetes_deployment.test",
            "module.eks.kubernetes_namespace.test",
            "module.eks.module.eks.aws_cloudwatch_log_group.this",
            "module.eks.module.eks.aws_eks_cluster.this",
            "module.eks.module.eks.aws_iam_role.cluster",
            "module.eks.module.eks.aws_iam_role_policy_attachment.cluster_AmazonEKSClusterPolicy",
            "module.eks.module.eks.aws_iam_role_policy_attachment.cluster_AmazonEKSServicePolicy",
            "module.eks.module.eks.aws_iam_role_policy_attachment.cluster_AmazonEKSVPCResourceControllerPolicy",
            "module.eks.module.eks.aws_security_group.cluster",
            "module.eks.module.eks.aws_security_group.workers",
            "module.eks.module.eks.aws_security_group_rule.cluster_egress_internet",
            "module.eks.module.eks.aws_security_group_rule.cluster_https_worker_ingress",
            "module.eks.module.eks.aws_security_group_rule.cluster_private_access_cidrs_source",
            "module.eks.module.eks.aws_security_group_rule.cluster_private_access_sg_source",
            "module.eks.module.eks.data.aws_iam_policy_document.cluster_assume_role_policy",
            "module.eks.module.eks.data.aws_iam_role.custom_cluster_iam_role",
            "module.eks.module.eks.data.aws_partition.current",
            "module.eks.module.eks.data.http.wait_for_cluster",
            "module.eks.module.vpc.aws_subnet.private",
            "module.eks.module.vpc.aws_vpc.this",
            "module.eks.module.vpc.aws_vpc_ipv4_cidr_block_association.this",
            "module.eks.random_string.suffix"
          ]
        }
      ]
    },
    {
      "module": "module.eks",
      "mode": "managed",
      "type": "random_string",
      "name": "suffix",
      "provider": "provider[\"registry.terraform.io/hashicorp/random\"]",
      "instances": [
        {
          "schema_version": 1,
          "attributes": {
            "id": "AdTJBHpL",
            "keepers": null,
            "length": 8,
            "lower": true,
            "min_lower": 0,
            "min_numeric": 0,
            "min_special": 0,
            "min_upper": 0,
            "number": true,
            "override_special": null,
            "result": "AdTJBHpL",
            "special": false,
            "upper": true
          },
          "sensitive_attributes": [],
          "private": "eyJzY2hlbWFfdmVyc2lvbiI6IjEifQ==",
          "create_before_destroy": true
        }
      ]
    },
    {
      "module": "module.eks.module.eks",
      "mode": "data",
      "type": "aws_ami",
      "name": "eks_worker",
      "provider": "module.eks.provider[\"registry.terraform.io/hashicorp/aws\"]",
      "instances": [
        {
          "index_key": 0,
          "schema_version": 0,
          "attributes": {
            "architecture": "x86_64",
            "arn": "arn:aws:ec2:us-east-1::image/ami-0b94943bd76cb55c2",
            "block_device_mappings": [
              {
                "device_name": "/dev/xvda",
                "ebs": {
                  "delete_on_termination": "true",
                  "encrypted": "false",
                  "iops": "0",
                  "snapshot_id": "snap-030a22dd30861dc70",
                  "throughput": "0",
                  "volume_size": "20",
                  "volume_type": "gp2"
                },
                "no_device": "",
                "virtual_name": ""
              }
            ],
            "boot_mode": "",
            "creation_date": "2023-05-30T18:36:25.000Z",
            "deprecation_time": "2025-05-30T18:36:25.000Z",
            "description": "EKS Kubernetes Worker AMI with AmazonLinux2 image, (k8s: 1.27.1, containerd: 1.6.*)",
            "ena_support": true,
            "executable_users": null,
            "filter": [
              {
                "name": "name",
                "values": [
                  "amazon-eks-node-1.27-v*"
                ]
              }
            ],
            "hypervisor": "xen",
            "id": "ami-0b94943bd76cb55c2",
            "image_id": "ami-0b94943bd76cb55c2",
            "image_location": "amazon/amazon-eks-node-1.27-v20230526",
            "image_owner_alias": "amazon",
            "image_type": "machine",
            "imds_support": "",
            "include_deprecated": false,
            "kernel_id": "",
            "most_recent": true,
            "name": "amazon-eks-node-1.27-v20230526",
            "name_regex": null,
            "owner_id": "602401143452",
            "owners": [
              "amazon"
            ],
            "platform": "",
            "platform_details": "Linux/UNIX",
            "product_codes": [],
            "public": true,
            "ramdisk_id": "",
            "root_device_name": "/dev/xvda",
            "root_device_type": "ebs",
            "root_snapshot_id": "snap-030a22dd30861dc70",
            "sriov_net_support": "simple",
            "state": "available",
            "state_reason": {
              "code": "UNSET",
              "message": "UNSET"
            },
            "tags": {},
            "timeouts": null,
            "tpm_support": "",
            "usage_operation": "RunInstances",
            "virtualization_type": "hvm"
          },
          "sensitive_attributes": []
        }
      ]
    },
    {
      "module": "module.eks.module.eks",
      "mode": "data",
      "type": "aws_ami",
      "name": "eks_worker_windows",
      "provider": "module.eks.provider[\"registry.terraform.io/hashicorp/aws\"]",
      "instances": []
    },
    {
      "module": "module.eks.module.eks",
      "mode": "data",
      "type": "aws_caller_identity",
      "name": "current",
      "provider": "module.eks.provider[\"registry.terraform.io/hashicorp/aws\"]",
      "instances": [
        {
          "schema_version": 0,
          "attributes": {
            "account_id": "865818553131",
            "arn": "arn:aws:iam::865818553131:user/michelle",
            "id": "865818553131",
            "user_id": "AIDA4TFWOVMVQA33LVSWQ"
          },
          "sensitive_attributes": []
        }
      ]
    },
    {
      "module": "module.eks.module.eks",
      "mode": "data",
      "type": "aws_iam_instance_profile",
      "name": "custom_worker_group_iam_instance_profile",
      "provider": "module.eks.provider[\"registry.terraform.io/hashicorp/aws\"]",
      "instances": []
    },
    {
      "module": "module.eks.module.eks",
      "mode": "data",
      "type": "aws_iam_instance_profile",
      "name": "custom_worker_group_launch_template_iam_instance_profile",
      "provider": "module.eks.provider[\"registry.terraform.io/hashicorp/aws\"]",
      "instances": []
    },
    {
      "module": "module.eks.module.eks",
      "mode": "data",
      "type": "aws_iam_policy_document",
      "name": "cluster_assume_role_policy",
      "provider": "module.eks.provider[\"registry.terraform.io/hashicorp/aws\"]",
      "instances": [
        {
          "schema_version": 0,
          "attributes": {
            "id": "2764486067",
            "json": "{\n  \"Version\": \"2012-10-17\",\n  \"Statement\": [\n    {\n      \"Sid\": \"EKSClusterAssumeRole\",\n      \"Effect\": \"Allow\",\n      \"Action\": \"sts:AssumeRole\",\n      \"Principal\": {\n        \"Service\": \"eks.amazonaws.com\"\n      }\n    }\n  ]\n}",
            "override_json": null,
            "override_policy_documents": null,
            "policy_id": null,
            "source_json": null,
            "source_policy_documents": null,
            "statement": [
              {
                "actions": [
                  "sts:AssumeRole"
                ],
                "condition": [],
                "effect": "Allow",
                "not_actions": [],
                "not_principals": [],
                "not_resources": [],
                "principals": [
                  {
                    "identifiers": [
                      "eks.amazonaws.com"
                    ],
                    "type": "Service"
                  }
                ],
                "resources": [],
                "sid": "EKSClusterAssumeRole"
              }
            ],
            "version": "2012-10-17"
          },
          "sensitive_attributes": []
        }
      ]
    },
    {
      "module": "module.eks.module.eks",
      "mode": "data",
      "type": "aws_iam_policy_document",
      "name": "cluster_deny_log_group",
      "provider": "module.eks.provider[\"registry.terraform.io/hashicorp/aws\"]",
      "instances": [
        {
          "index_key": 0,
          "schema_version": 0,
          "attributes": {
            "id": "2675893060",
            "json": "{\n  \"Version\": \"2012-10-17\",\n  \"Statement\": [\n    {\n      \"Sid\": \"\",\n      \"Effect\": \"Deny\",\n      \"Action\": \"logs:CreateLogGroup\",\n      \"Resource\": \"*\"\n    }\n  ]\n}",
            "override_json": null,
            "override_policy_documents": null,
            "policy_id": null,
            "source_json": null,
            "source_policy_documents": null,
            "statement": [
              {
                "actions": [
                  "logs:CreateLogGroup"
                ],
                "condition": [],
                "effect": "Deny",
                "not_actions": [],
                "not_principals": [],
                "not_resources": [],
                "principals": [],
                "resources": [
                  "*"
                ],
                "sid": ""
              }
            ],
            "version": "2012-10-17"
          },
          "sensitive_attributes": []
        }
      ]
    },
    {
      "module": "module.eks.module.eks",
      "mode": "data",
      "type": "aws_iam_policy_document",
      "name": "cluster_elb_sl_role_creation",
      "provider": "module.eks.provider[\"registry.terraform.io/hashicorp/aws\"]",
      "instances": [
        {
          "index_key": 0,
          "schema_version": 0,
          "attributes": {
            "id": "3709839417",
            "json": "{\n  \"Version\": \"2012-10-17\",\n  \"Statement\": [\n    {\n      \"Sid\": \"\",\n      \"Effect\": \"Allow\",\n      \"Action\": [\n        \"ec2:DescribeInternetGateways\",\n        \"ec2:DescribeAddresses\",\n        \"ec2:DescribeAccountAttributes\"\n      ],\n      \"Resource\": \"*\"\n    }\n  ]\n}",
            "override_json": null,
            "override_policy_documents": null,
            "policy_id": null,
            "source_json": null,
            "source_policy_documents": null,
            "statement": [
              {
                "actions": [
                  "ec2:DescribeAccountAttributes",
                  "ec2:DescribeAddresses",
                  "ec2:DescribeInternetGateways"
                ],
                "condition": [],
                "effect": "Allow",
                "not_actions": [],
                "not_principals": [],
                "not_resources": [],
                "principals": [],
                "resources": [
                  "*"
                ],
                "sid": ""
              }
            ],
            "version": "2012-10-17"
          },
          "sensitive_attributes": []
        }
      ]
    },
    {
      "module": "module.eks.module.eks",
      "mode": "data",
      "type": "aws_iam_policy_document",
      "name": "workers_assume_role_policy",
      "provider": "module.eks.provider[\"registry.terraform.io/hashicorp/aws\"]",
      "instances": [
        {
          "schema_version": 0,
          "attributes": {
            "id": "3778018924",
            "json": "{\n  \"Version\": \"2012-10-17\",\n  \"Statement\": [\n    {\n      \"Sid\": \"EKSWorkerAssumeRole\",\n      \"Effect\": \"Allow\",\n      \"Action\": \"sts:AssumeRole\",\n      \"Principal\": {\n        \"Service\": \"ec2.amazonaws.com\"\n      }\n    }\n  ]\n}",
            "override_json": null,
            "override_policy_documents": null,
            "policy_id": null,
            "source_json": null,
            "source_policy_documents": null,
            "statement": [
              {
                "actions": [
                  "sts:AssumeRole"
                ],
                "condition": [],
                "effect": "Allow",
                "not_actions": [],
                "not_principals": [],
                "not_resources": [],
                "principals": [
                  {
                    "identifiers": [
                      "ec2.amazonaws.com"
                    ],
                    "type": "Service"
                  }
                ],
                "resources": [],
                "sid": "EKSWorkerAssumeRole"
              }
            ],
            "version": "2012-10-17"
          },
          "sensitive_attributes": []
        }
      ]
    },
    {
      "module": "module.eks.module.eks",
      "mode": "data",
      "type": "aws_iam_role",
      "name": "custom_cluster_iam_role",
      "provider": "module.eks.provider[\"registry.terraform.io/hashicorp/aws\"]",
      "instances": []
    },
    {
      "module": "module.eks.module.eks",
      "mode": "data",
      "type": "aws_partition",
      "name": "current",
      "provider": "module.eks.provider[\"registry.terraform.io/hashicorp/aws\"]",
      "instances": [
        {
          "schema_version": 0,
          "attributes": {
            "dns_suffix": "amazonaws.com",
            "id": "aws",
            "partition": "aws",
            "reverse_dns_prefix": "com.amazonaws"
          },
          "sensitive_attributes": []
        }
      ]
    },
    {
      "module": "module.eks.module.eks",
      "mode": "data",
      "type": "http",
      "name": "wait_for_cluster",
      "provider": "provider[\"registry.terraform.io/terraform-aws-modules/http\"]",
      "instances": [
        {
          "index_key": 0,
          "schema_version": 0,
          "attributes": {
            "body": "ok",
            "ca_certificate": "-----BEGIN CERTIFICATE-----\nMIIC/jCCAeagAwIBAgIBADANBgkqhkiG9w0BAQsFADAVMRMwEQYDVQQDEwprdWJl\ncm5ldGVzMB4XDTIzMDYwMTIyNDQ0MVoXDTMzMDUyOTIyNDQ0MVowFTETMBEGA1UE\nAxMKa3ViZXJuZXRlczCCASIwDQYJKoZIhvcNAQEBBQADggEPADCCAQoCggEBAPE5\nIyAWvx/BRGIIuImPzsE1w2PpernRuS+d5iVSlrLbNSG+byt7BTtuEynrYMxn6BNy\n3rffT603khSHOxdMOU6Mc5fuLjhOv55NuzzztycQuq2yE/UQJjvHyyVQyCrDfma2\ndbrn5VbQEVHySukpCefJ2dao0HZL6LcfMTo8hlHFW8WMnFDh/10xwd8IFcZWjqe4\n5mf6WAeYvKxn+P49uQcEPjzsoIMw/ZJJ21tdiXvB5K+61z2v2VG2RkMtQ4lUvrkJ\nAFXYAr9vjHMY+ZIhI9+gNHYbDReOUfpNdOdC0VyBiw7qRcFIBGIMuxPUKoeDlQXD\n7AKyfCUjBJv0KsG6veUCAwEAAaNZMFcwDgYDVR0PAQH/BAQDAgKkMA8GA1UdEwEB\n/wQFMAMBAf8wHQYDVR0OBBYEFLuJHp26X0h1SncqOoskXhdZLgqUMBUGA1UdEQQO\nMAyCCmt1YmVybmV0ZXMwDQYJKoZIhvcNAQELBQADggEBAFgWu+qXuOllWfrqT4yW\n/6dHMH+aEeW62Tyesr/89agsIm182KYoLz5dfPxhStdW3wNlVNlQJG0j+WrH+HLm\nG+EjHtIAIjLtLdgHZ//IBTxBFB6skSJvPNxYglalvaZphkKbEYogvKyU5Crxlvdw\n+gXRCRWJbJc7Bu5rISjST+vs649RSnGtYyZ9PdrHiZm/ma+Q28dMf1eruK3dSkz0\nvYYBpN+wojdLDExjCa7gN54WXbK9Q6513ZzpWoRAc2KCDsSP08JyhRWFqjGz4q47\n8Pi5d+8IP/yPkLYm/3E3ukwRH5lUWc1R2YOqrALRPbliNzR/2MLlHuHNy21e58Mr\nXyw=\n-----END CERTIFICATE-----\n",
            "id": "https://7289CB65A9D5B6F007F715B601EC826E.gr7.us-east-1.eks.amazonaws.com/healthz",
            "insecure": false,
            "request_headers": null,
            "response_headers": {
              "Audit-Id": "61619246-8144-4d0c-841b-01cefc30fb96",
              "Cache-Control": "no-cache, private",
              "Content-Length": "2",
              "Content-Type": "text/plain; charset=utf-8",
              "Date": "Thu, 01 Jun 2023 22:47:17 GMT",
              "X-Content-Type-Options": "nosniff",
              "X-Kubernetes-Pf-Flowschema-Uid": "f3c41f3c-9476-463f-95b5-e1d86aac7e64",
              "X-Kubernetes-Pf-Prioritylevel-Uid": "1a14cf9f-271a-4ce7-9851-4957f875b0bd"
            },
            "timeout": 300,
            "url": "https://7289CB65A9D5B6F007F715B601EC826E.gr7.us-east-1.eks.amazonaws.com/healthz"
          },
          "sensitive_attributes": []
        }
      ]
    },
    {
      "module": "module.eks.module.eks",
      "mode": "managed",
      "type": "aws_autoscaling_group",
      "name": "workers",
      "provider": "module.eks.provider[\"registry.terraform.io/hashicorp/aws\"]",
      "instances": [
        {
          "index_key": 0,
          "status": "tainted",
          "schema_version": 0,
          "attributes": {
            "arn": null,
            "availability_zones": [],
            "capacity_rebalance": false,
            "context": null,
            "default_cooldown": null,
            "default_instance_warmup": null,
            "desired_capacity": 2,
            "desired_capacity_type": null,
            "enabled_metrics": null,
            "force_delete": false,
            "force_delete_warm_pool": false,
            "health_check_grace_period": 300,
            "health_check_type": null,
            "id": "test-eks-cluster-AdTJBHpL-worker-group-120230601224652275300000018",
            "initial_lifecycle_hook": [],
            "instance_refresh": [],
            "launch_configuration": "test-eks-cluster-AdTJBHpL-worker-group-120230601224643332300000016",
            "launch_template": [],
            "load_balancers": null,
            "max_instance_lifetime": 0,
            "max_size": 3,
            "metrics_granularity": "1Minute",
            "min_elb_capacity": null,
            "min_size": 1,
            "mixed_instances_policy": [],
            "name": null,
            "name_prefix": "test-eks-cluster-AdTJBHpL-worker-group-1",
            "placement_group": null,
            "protect_from_scale_in": false,
            "service_linked_role_arn": null,
            "suspended_processes": [
              "AZRebalance"
            ],
            "tag": [
              {
                "key": "Name",
                "propagate_at_launch": true,
                "value": "test-eks-cluster-AdTJBHpL-worker-group-1-eks_asg"
              },
              {
                "key": "k8s.io/cluster/test-eks-cluster-AdTJBHpL",
                "propagate_at_launch": true,
                "value": "owned"
              },
              {
                "key": "kubernetes.io/cluster/test-eks-cluster-AdTJBHpL",
                "propagate_at_launch": true,
                "value": "owned"
              }
            ],
            "tags": null,
            "target_group_arns": null,
            "termination_policies": [],
            "timeouts": null,
            "vpc_zone_identifier": [
              "subnet-049a603329655e618",
              "subnet-04af401e77793ae1a",
              "subnet-0a9267a5aea0d8ae0"
            ],
            "wait_for_capacity_timeout": "10m",
            "wait_for_elb_capacity": null,
            "warm_pool": []
          },
          "sensitive_attributes": [],
          "private": "eyJlMmJmYjczMC1lY2FhLTExZTYtOGY4OC0zNDM2M2JjN2M0YzAiOnsiZGVsZXRlIjo2MDAwMDAwMDAwMDAsInVwZGF0ZSI6NjAwMDAwMDAwMDAwfX0=",
          "dependencies": [
            "module.eks.aws_security_group.worker_group_mgmt_one",
            "module.eks.aws_security_group.worker_group_mgmt_two",
            "module.eks.data.aws_availability_zones.available",
            "module.eks.module.eks.aws_cloudwatch_log_group.this",
            "module.eks.module.eks.aws_eks_cluster.this",
            "module.eks.module.eks.aws_iam_instance_profile.workers",
            "module.eks.module.eks.aws_iam_role.cluster",
            "module.eks.module.eks.aws_iam_role.workers",
            "module.eks.module.eks.aws_iam_role_policy_attachment.cluster_AmazonEKSClusterPolicy",
            "module.eks.module.eks.aws_iam_role_policy_attachment.cluster_AmazonEKSServicePolicy",
            "module.eks.module.eks.aws_iam_role_policy_attachment.cluster_AmazonEKSVPCResourceControllerPolicy",
            "module.eks.module.eks.aws_iam_role_policy_attachment.workers_AmazonEC2ContainerRegistryReadOnly",
            "module.eks.module.eks.aws_iam_role_policy_attachment.workers_AmazonEKSWorkerNodePolicy",
            "module.eks.module.eks.aws_iam_role_policy_attachment.workers_AmazonEKS_CNI_Policy",
            "module.eks.module.eks.aws_iam_role_policy_attachment.workers_additional_policies",
            "module.eks.module.eks.aws_launch_configuration.workers",
            "module.eks.module.eks.aws_security_group.cluster",
            "module.eks.module.eks.aws_security_group.workers",
            "module.eks.module.eks.aws_security_group_rule.cluster_egress_internet",
            "module.eks.module.eks.aws_security_group_rule.cluster_https_worker_ingress",
            "module.eks.module.eks.aws_security_group_rule.cluster_primary_ingress_workers",
            "module.eks.module.eks.aws_security_group_rule.workers_egress_internet",
            "module.eks.module.eks.aws_security_group_rule.workers_ingress_cluster",
            "module.eks.module.eks.aws_security_group_rule.workers_ingress_cluster_https",
            "module.eks.module.eks.aws_security_group_rule.workers_ingress_cluster_kubelet",
            "module.eks.module.eks.aws_security_group_rule.workers_ingress_cluster_primary",
            "module.eks.module.eks.aws_security_group_rule.workers_ingress_self",
            "module.eks.module.eks.data.aws_ami.eks_worker",
            "module.eks.module.eks.data.aws_ami.eks_worker_windows",
            "module.eks.module.eks.data.aws_iam_instance_profile.custom_worker_group_iam_instance_profile",
            "module.eks.module.eks.data.aws_iam_policy_document.cluster_assume_role_policy",
            "module.eks.module.eks.data.aws_iam_policy_document.workers_assume_role_policy",
            "module.eks.module.eks.data.aws_iam_role.custom_cluster_iam_role",
            "module.eks.module.eks.data.aws_partition.current",
            "module.eks.module.vpc.aws_subnet.private",
            "module.eks.module.vpc.aws_vpc.this",
            "module.eks.module.vpc.aws_vpc_ipv4_cidr_block_association.this",
            "module.eks.random_string.suffix"
          ],
          "create_before_destroy": true
        },
        {
          "index_key": 1,
          "status": "tainted",
          "schema_version": 0,
          "attributes": {
            "arn": null,
            "availability_zones": [],
            "capacity_rebalance": false,
            "context": null,
            "default_cooldown": null,
            "default_instance_warmup": null,
            "desired_capacity": 1,
            "desired_capacity_type": null,
            "enabled_metrics": null,
            "force_delete": false,
            "force_delete_warm_pool": false,
            "health_check_grace_period": 300,
            "health_check_type": null,
            "id": "test-eks-cluster-AdTJBHpL-worker-group-220230601224652275300000017",
            "initial_lifecycle_hook": [],
            "instance_refresh": [],
            "launch_configuration": "test-eks-cluster-AdTJBHpL-worker-group-220230601224643332300000015",
            "launch_template": [],
            "load_balancers": null,
            "max_instance_lifetime": 0,
            "max_size": 3,
            "metrics_granularity": "1Minute",
            "min_elb_capacity": null,
            "min_size": 1,
            "mixed_instances_policy": [],
            "name": null,
            "name_prefix": "test-eks-cluster-AdTJBHpL-worker-group-2",
            "placement_group": null,
            "protect_from_scale_in": false,
            "service_linked_role_arn": null,
            "suspended_processes": [
              "AZRebalance"
            ],
            "tag": [
              {
                "key": "Name",
                "propagate_at_launch": true,
                "value": "test-eks-cluster-AdTJBHpL-worker-group-2-eks_asg"
              },
              {
                "key": "k8s.io/cluster/test-eks-cluster-AdTJBHpL",
                "propagate_at_launch": true,
                "value": "owned"
              },
              {
                "key": "kubernetes.io/cluster/test-eks-cluster-AdTJBHpL",
                "propagate_at_launch": true,
                "value": "owned"
              }
            ],
            "tags": null,
            "target_group_arns": null,
            "termination_policies": [],
            "timeouts": null,
            "vpc_zone_identifier": [
              "subnet-049a603329655e618",
              "subnet-04af401e77793ae1a",
              "subnet-0a9267a5aea0d8ae0"
            ],
            "wait_for_capacity_timeout": "10m",
            "wait_for_elb_capacity": null,
            "warm_pool": []
          },
          "sensitive_attributes": [],
          "private": "eyJlMmJmYjczMC1lY2FhLTExZTYtOGY4OC0zNDM2M2JjN2M0YzAiOnsiZGVsZXRlIjo2MDAwMDAwMDAwMDAsInVwZGF0ZSI6NjAwMDAwMDAwMDAwfX0=",
          "dependencies": [
            "module.eks.aws_security_group.worker_group_mgmt_one",
            "module.eks.aws_security_group.worker_group_mgmt_two",
            "module.eks.data.aws_availability_zones.available",
            "module.eks.module.eks.aws_cloudwatch_log_group.this",
            "module.eks.module.eks.aws_eks_cluster.this",
            "module.eks.module.eks.aws_iam_instance_profile.workers",
            "module.eks.module.eks.aws_iam_role.cluster",
            "module.eks.module.eks.aws_iam_role.workers",
            "module.eks.module.eks.aws_iam_role_policy_attachment.cluster_AmazonEKSClusterPolicy",
            "module.eks.module.eks.aws_iam_role_policy_attachment.cluster_AmazonEKSServicePolicy",
            "module.eks.module.eks.aws_iam_role_policy_attachment.cluster_AmazonEKSVPCResourceControllerPolicy",
            "module.eks.module.eks.aws_iam_role_policy_attachment.workers_AmazonEC2ContainerRegistryReadOnly",
            "module.eks.module.eks.aws_iam_role_policy_attachment.workers_AmazonEKSWorkerNodePolicy",
            "module.eks.module.eks.aws_iam_role_policy_attachment.workers_AmazonEKS_CNI_Policy",
            "module.eks.module.eks.aws_iam_role_policy_attachment.workers_additional_policies",
            "module.eks.module.eks.aws_launch_configuration.workers",
            "module.eks.module.eks.aws_security_group.cluster",
            "module.eks.module.eks.aws_security_group.workers",
            "module.eks.module.eks.aws_security_group_rule.cluster_egress_internet",
            "module.eks.module.eks.aws_security_group_rule.cluster_https_worker_ingress",
            "module.eks.module.eks.aws_security_group_rule.cluster_primary_ingress_workers",
            "module.eks.module.eks.aws_security_group_rule.workers_egress_internet",
            "module.eks.module.eks.aws_security_group_rule.workers_ingress_cluster",
            "module.eks.module.eks.aws_security_group_rule.workers_ingress_cluster_https",
            "module.eks.module.eks.aws_security_group_rule.workers_ingress_cluster_kubelet",
            "module.eks.module.eks.aws_security_group_rule.workers_ingress_cluster_primary",
            "module.eks.module.eks.aws_security_group_rule.workers_ingress_self",
            "module.eks.module.eks.data.aws_ami.eks_worker",
            "module.eks.module.eks.data.aws_ami.eks_worker_windows",
            "module.eks.module.eks.data.aws_iam_instance_profile.custom_worker_group_iam_instance_profile",
            "module.eks.module.eks.data.aws_iam_policy_document.cluster_assume_role_policy",
            "module.eks.module.eks.data.aws_iam_policy_document.workers_assume_role_policy",
            "module.eks.module.eks.data.aws_iam_role.custom_cluster_iam_role",
            "module.eks.module.eks.data.aws_partition.current",
            "module.eks.module.vpc.aws_subnet.private",
            "module.eks.module.vpc.aws_vpc.this",
            "module.eks.module.vpc.aws_vpc_ipv4_cidr_block_association.this",
            "module.eks.random_string.suffix"
          ],
          "create_before_destroy": true
        }
      ]
    },
    {
      "module": "module.eks.module.eks",
      "mode": "managed",
      "type": "aws_cloudwatch_log_group",
      "name": "this",
      "provider": "module.eks.provider[\"registry.terraform.io/hashicorp/aws\"]",
      "instances": []
    },
    {
      "module": "module.eks.module.eks",
      "mode": "managed",
      "type": "aws_eks_cluster",
      "name": "this",
      "provider": "module.eks.provider[\"registry.terraform.io/hashicorp/aws\"]",
      "instances": [
        {
          "index_key": 0,
          "schema_version": 0,
          "attributes": {
            "arn": "arn:aws:eks:us-east-1:865818553131:cluster/test-eks-cluster-AdTJBHpL",
            "certificate_authority": [
              {
                "data": "LS0tLS1CRUdJTiBDRVJUSUZJQ0FURS0tLS0tCk1JSUMvakNDQWVhZ0F3SUJBZ0lCQURBTkJna3Foa2lHOXcwQkFRc0ZBREFWTVJNd0VRWURWUVFERXdwcmRXSmwKY201bGRHVnpNQjRYRFRJek1EWXdNVEl5TkRRME1Wb1hEVE16TURVeU9USXlORFEwTVZvd0ZURVRNQkVHQTFVRQpBeE1LYTNWaVpYSnVaWFJsY3pDQ0FTSXdEUVlKS29aSWh2Y05BUUVCQlFBRGdnRVBBRENDQVFvQ2dnRUJBUEU1Ckl5QVd2eC9CUkdJSXVJbVB6c0UxdzJQcGVyblJ1UytkNWlWU2xyTGJOU0crYnl0N0JUdHVFeW5yWU14bjZCTnkKM3JmZlQ2MDNraFNIT3hkTU9VNk1jNWZ1TGpoT3Y1NU51enp6dHljUXVxMnlFL1VRSmp2SHl5VlF5Q3JEZm1hMgpkYnJuNVZiUUVWSHlTdWtwQ2VmSjJkYW8wSFpMNkxjZk1UbzhobEhGVzhXTW5GRGgvMTB4d2Q4SUZjWldqcWU0CjVtZjZXQWVZdkt4bitQNDl1UWNFUGp6c29JTXcvWkpKMjF0ZGlYdkI1Sys2MXoydjJWRzJSa010UTRsVXZya0oKQUZYWUFyOXZqSE1ZK1pJaEk5K2dOSFliRFJlT1VmcE5kT2RDMFZ5Qml3N3FSY0ZJQkdJTXV4UFVLb2VEbFFYRAo3QUt5ZkNVakJKdjBLc0c2dmVVQ0F3RUFBYU5aTUZjd0RnWURWUjBQQVFIL0JBUURBZ0trTUE4R0ExVWRFd0VCCi93UUZNQU1CQWY4d0hRWURWUjBPQkJZRUZMdUpIcDI2WDBoMVNuY3FPb3NrWGhkWkxncVVNQlVHQTFVZEVRUU8KTUF5Q0NtdDFZbVZ5Ym1WMFpYTXdEUVlKS29aSWh2Y05BUUVMQlFBRGdnRUJBRmdXdStxWHVPbGxXZnJxVDR5VwovNmRITUgrYUVlVzYyVHllc3IvODlhZ3NJbTE4MktZb0x6NWRmUHhoU3RkVzN3TmxWTmxRSkcwaitXckgrSExtCkcrRWpIdElBSWpMdExkZ0haLy9JQlR4QkZCNnNrU0p2UE54WWdsYWx2YVpwaGtLYkVZb2d2S3lVNUNyeGx2ZHcKK2dYUkNSV0piSmM3QnU1cklTalNUK3ZzNjQ5UlNuR3RZeVo5UGRySGlabS9tYStRMjhkTWYxZXJ1SzNkU2t6MAp2WVlCcE4rd29qZExERXhqQ2E3Z041NFdYYks5UTY1MTNaenBXb1JBYzJLQ0RzU1AwOEp5aFJXRnFqR3o0cTQ3CjhQaTVkKzhJUC95UGtMWW0vM0UzdWt3Ukg1bFVXYzFSMllPcXJBTFJQYmxpTnpSLzJNTGxIdUhOeTIxZTU4TXIKWHl3PQotLS0tLUVORCBDRVJUSUZJQ0FURS0tLS0tCg=="
              }
            ],
            "cluster_id": null,
            "created_at": "2023-06-01 22:39:23.963 +0000 UTC",
            "enabled_cluster_log_types": null,
            "encryption_config": [],
            "endpoint": "https://7289CB65A9D5B6F007F715B601EC826E.gr7.us-east-1.eks.amazonaws.com",
            "id": "test-eks-cluster-AdTJBHpL",
            "identity": [
              {
                "oidc": [
                  {
                    "issuer": "https://oidc.eks.us-east-1.amazonaws.com/id/7289CB65A9D5B6F007F715B601EC826E"
                  }
                ]
              }
            ],
            "kubernetes_network_config": [
              {
                "ip_family": "ipv4",
                "service_ipv4_cidr": "172.20.0.0/16",
                "service_ipv6_cidr": ""
              }
            ],
            "name": "test-eks-cluster-AdTJBHpL",
            "outpost_config": [],
            "platform_version": "eks.1",
            "role_arn": "arn:aws:iam::865818553131:role/test-eks-cluster-AdTJBHpL20230601223906326900000003",
            "status": "ACTIVE",
            "tags": null,
            "tags_all": {},
            "timeouts": {
              "create": "30m",
              "delete": "15m",
              "update": "60m"
            },
            "version": "1.27",
            "vpc_config": [
              {
                "cluster_security_group_id": "sg-021ae8de64c60bd08",
                "endpoint_private_access": false,
                "endpoint_public_access": true,
                "public_access_cidrs": [
                  "0.0.0.0/0"
                ],
                "security_group_ids": [
                  "sg-07298b91f95dbb0aa"
                ],
                "subnet_ids": [
                  "subnet-049a603329655e618",
                  "subnet-04af401e77793ae1a",
                  "subnet-0a9267a5aea0d8ae0"
                ],
                "vpc_id": "vpc-096cf5455429b245b"
              }
            ]
          },
          "sensitive_attributes": [],
          "private": "eyJlMmJmYjczMC1lY2FhLTExZTYtOGY4OC0zNDM2M2JjN2M0YzAiOnsiY3JlYXRlIjoxODAwMDAwMDAwMDAwLCJkZWxldGUiOjkwMDAwMDAwMDAwMCwidXBkYXRlIjozNjAwMDAwMDAwMDAwfX0=",
          "dependencies": [
            "module.eks.data.aws_availability_zones.available",
            "module.eks.module.eks.aws_cloudwatch_log_group.this",
            "module.eks.module.eks.aws_iam_role.cluster",
            "module.eks.module.eks.aws_iam_role_policy_attachment.cluster_AmazonEKSClusterPolicy",
            "module.eks.module.eks.aws_iam_role_policy_attachment.cluster_AmazonEKSServicePolicy",
            "module.eks.module.eks.aws_iam_role_policy_attachment.cluster_AmazonEKSVPCResourceControllerPolicy",
            "module.eks.module.eks.aws_security_group.cluster",
            "module.eks.module.eks.aws_security_group.workers",
            "module.eks.module.eks.aws_security_group_rule.cluster_egress_internet",
            "module.eks.module.eks.aws_security_group_rule.cluster_https_worker_ingress",
            "module.eks.module.eks.data.aws_iam_policy_document.cluster_assume_role_policy",
            "module.eks.module.eks.data.aws_iam_role.custom_cluster_iam_role",
            "module.eks.module.eks.data.aws_partition.current",
            "module.eks.module.vpc.aws_subnet.private",
            "module.eks.module.vpc.aws_vpc.this",
            "module.eks.module.vpc.aws_vpc_ipv4_cidr_block_association.this",
            "module.eks.random_string.suffix"
          ],
          "create_before_destroy": true
        }
      ]
    },
    {
      "module": "module.eks.module.eks",
      "mode": "managed",
      "type": "aws_iam_instance_profile",
      "name": "workers",
      "provider": "module.eks.provider[\"registry.terraform.io/hashicorp/aws\"]",
      "instances": [
        {
          "index_key": 0,
          "schema_version": 0,
          "attributes": {
            "arn": "arn:aws:iam::865818553131:instance-profile/test-eks-cluster-AdTJBHpL20230601224642835400000011",
            "create_date": "2023-06-01T22:46:43Z",
            "id": "test-eks-cluster-AdTJBHpL20230601224642835400000011",
            "name": "test-eks-cluster-AdTJBHpL20230601224642835400000011",
            "name_prefix": "test-eks-cluster-AdTJBHpL",
            "path": "/",
            "role": "test-eks-cluster-AdTJBHpL2023060122464250500000000f",
            "tags": null,
            "tags_all": {},
            "unique_id": "AIPA4TFWOVMVSPOJJMJTA"
          },
          "sensitive_attributes": [],
          "private": "bnVsbA==",
          "dependencies": [
            "module.eks.aws_security_group.worker_group_mgmt_one",
            "module.eks.aws_security_group.worker_group_mgmt_two",
            "module.eks.data.aws_availability_zones.available",
            "module.eks.module.eks.aws_cloudwatch_log_group.this",
            "module.eks.module.eks.aws_eks_cluster.this",
            "module.eks.module.eks.aws_iam_role.cluster",
            "module.eks.module.eks.aws_iam_role.workers",
            "module.eks.module.eks.aws_iam_role_policy_attachment.cluster_AmazonEKSClusterPolicy",
            "module.eks.module.eks.aws_iam_role_policy_attachment.cluster_AmazonEKSServicePolicy",
            "module.eks.module.eks.aws_iam_role_policy_attachment.cluster_AmazonEKSVPCResourceControllerPolicy",
            "module.eks.module.eks.aws_security_group.cluster",
            "module.eks.module.eks.aws_security_group.workers",
            "module.eks.module.eks.aws_security_group_rule.cluster_egress_internet",
            "module.eks.module.eks.aws_security_group_rule.cluster_https_worker_ingress",
            "module.eks.module.eks.data.aws_iam_policy_document.cluster_assume_role_policy",
            "module.eks.module.eks.data.aws_iam_policy_document.workers_assume_role_policy",
            "module.eks.module.eks.data.aws_iam_role.custom_cluster_iam_role",
            "module.eks.module.eks.data.aws_partition.current",
            "module.eks.module.vpc.aws_subnet.private",
            "module.eks.module.vpc.aws_vpc.this",
            "module.eks.module.vpc.aws_vpc_ipv4_cidr_block_association.this",
            "module.eks.random_string.suffix"
          ],
          "create_before_destroy": true
        },
        {
          "index_key": 1,
          "schema_version": 0,
          "attributes": {
            "arn": "arn:aws:iam::865818553131:instance-profile/test-eks-cluster-AdTJBHpL20230601224642835100000010",
            "create_date": "2023-06-01T22:46:43Z",
            "id": "test-eks-cluster-AdTJBHpL20230601224642835100000010",
            "name": "test-eks-cluster-AdTJBHpL20230601224642835100000010",
            "name_prefix": "test-eks-cluster-AdTJBHpL",
            "path": "/",
            "role": "test-eks-cluster-AdTJBHpL2023060122464250500000000f",
            "tags": null,
            "tags_all": {},
            "unique_id": "AIPA4TFWOVMVQYG3ZQJCX"
          },
          "sensitive_attributes": [],
          "private": "bnVsbA==",
          "dependencies": [
            "module.eks.aws_security_group.worker_group_mgmt_one",
            "module.eks.aws_security_group.worker_group_mgmt_two",
            "module.eks.data.aws_availability_zones.available",
            "module.eks.module.eks.aws_cloudwatch_log_group.this",
            "module.eks.module.eks.aws_eks_cluster.this",
            "module.eks.module.eks.aws_iam_role.cluster",
            "module.eks.module.eks.aws_iam_role.workers",
            "module.eks.module.eks.aws_iam_role_policy_attachment.cluster_AmazonEKSClusterPolicy",
            "module.eks.module.eks.aws_iam_role_policy_attachment.cluster_AmazonEKSServicePolicy",
            "module.eks.module.eks.aws_iam_role_policy_attachment.cluster_AmazonEKSVPCResourceControllerPolicy",
            "module.eks.module.eks.aws_security_group.cluster",
            "module.eks.module.eks.aws_security_group.workers",
            "module.eks.module.eks.aws_security_group_rule.cluster_egress_internet",
            "module.eks.module.eks.aws_security_group_rule.cluster_https_worker_ingress",
            "module.eks.module.eks.data.aws_iam_policy_document.cluster_assume_role_policy",
            "module.eks.module.eks.data.aws_iam_policy_document.workers_assume_role_policy",
            "module.eks.module.eks.data.aws_iam_role.custom_cluster_iam_role",
            "module.eks.module.eks.data.aws_partition.current",
            "module.eks.module.vpc.aws_subnet.private",
            "module.eks.module.vpc.aws_vpc.this",
            "module.eks.module.vpc.aws_vpc_ipv4_cidr_block_association.this",
            "module.eks.random_string.suffix"
          ],
          "create_before_destroy": true
        }
      ]
    },
    {
      "module": "module.eks.module.eks",
      "mode": "managed",
      "type": "aws_iam_instance_profile",
      "name": "workers_launch_template",
      "provider": "module.eks.provider[\"registry.terraform.io/hashicorp/aws\"]",
      "instances": []
    },
    {
      "module": "module.eks.module.eks",
      "mode": "managed",
      "type": "aws_iam_policy",
      "name": "cluster_deny_log_group",
      "provider": "module.eks.provider[\"registry.terraform.io/hashicorp/aws\"]",
      "instances": [
        {
          "index_key": 0,
          "schema_version": 0,
          "attributes": {
            "arn": "arn:aws:iam::865818553131:policy/test-eks-cluster-AdTJBHpL-deny-log-group20230601223906325400000002",
            "description": "Deny CreateLogGroup",
            "id": "arn:aws:iam::865818553131:policy/test-eks-cluster-AdTJBHpL-deny-log-group20230601223906325400000002",
            "name": "test-eks-cluster-AdTJBHpL-deny-log-group20230601223906325400000002",
            "name_prefix": "test-eks-cluster-AdTJBHpL-deny-log-group",
            "path": "/",
            "policy": "{\"Statement\":[{\"Action\":\"logs:CreateLogGroup\",\"Effect\":\"Deny\",\"Resource\":\"*\",\"Sid\":\"\"}],\"Version\":\"2012-10-17\"}",
            "policy_id": "ANPA4TFWOVMVWU532YJJN",
            "tags": null,
            "tags_all": {}
          },
          "sensitive_attributes": [],
          "private": "bnVsbA==",
          "dependencies": [
            "module.eks.module.eks.data.aws_iam_policy_document.cluster_deny_log_group",
            "module.eks.random_string.suffix"
          ]
        }
      ]
    },
    {
      "module": "module.eks.module.eks",
      "mode": "managed",
      "type": "aws_iam_policy",
      "name": "cluster_elb_sl_role_creation",
      "provider": "module.eks.provider[\"registry.terraform.io/hashicorp/aws\"]",
      "instances": [
        {
          "index_key": 0,
          "schema_version": 0,
          "attributes": {
            "arn": "arn:aws:iam::865818553131:policy/test-eks-cluster-AdTJBHpL-elb-sl-role-creation20230601223906325300000001",
            "description": "Permissions for EKS to create AWSServiceRoleForElasticLoadBalancing service-linked role",
            "id": "arn:aws:iam::865818553131:policy/test-eks-cluster-AdTJBHpL-elb-sl-role-creation20230601223906325300000001",
            "name": "test-eks-cluster-AdTJBHpL-elb-sl-role-creation20230601223906325300000001",
            "name_prefix": "test-eks-cluster-AdTJBHpL-elb-sl-role-creation",
            "path": "/",
            "policy": "{\"Statement\":[{\"Action\":[\"ec2:DescribeInternetGateways\",\"ec2:DescribeAddresses\",\"ec2:DescribeAccountAttributes\"],\"Effect\":\"Allow\",\"Resource\":\"*\",\"Sid\":\"\"}],\"Version\":\"2012-10-17\"}",
            "policy_id": "ANPA4TFWOVMVZLFKQU7BK",
            "tags": null,
            "tags_all": {}
          },
          "sensitive_attributes": [],
          "private": "bnVsbA==",
          "dependencies": [
            "module.eks.module.eks.data.aws_iam_policy_document.cluster_elb_sl_role_creation",
            "module.eks.random_string.suffix"
          ]
        }
      ]
    },
    {
      "module": "module.eks.module.eks",
      "mode": "managed",
      "type": "aws_iam_role",
      "name": "cluster",
      "provider": "module.eks.provider[\"registry.terraform.io/hashicorp/aws\"]",
      "instances": [
        {
          "index_key": 0,
          "schema_version": 0,
          "attributes": {
            "arn": "arn:aws:iam::865818553131:role/test-eks-cluster-AdTJBHpL20230601223906326900000003",
            "assume_role_policy": "{\"Statement\":[{\"Action\":\"sts:AssumeRole\",\"Effect\":\"Allow\",\"Principal\":{\"Service\":\"eks.amazonaws.com\"},\"Sid\":\"EKSClusterAssumeRole\"}],\"Version\":\"2012-10-17\"}",
            "create_date": "2023-06-01T22:39:06Z",
            "description": "",
            "force_detach_policies": true,
            "id": "test-eks-cluster-AdTJBHpL20230601223906326900000003",
            "inline_policy": [],
            "managed_policy_arns": [],
            "max_session_duration": 3600,
            "name": "test-eks-cluster-AdTJBHpL20230601223906326900000003",
            "name_prefix": "test-eks-cluster-AdTJBHpL",
            "path": "/",
            "permissions_boundary": null,
            "tags": null,
            "tags_all": {},
            "unique_id": "AROA4TFWOVMVRISQQJWXV"
          },
          "sensitive_attributes": [],
          "private": "bnVsbA==",
          "dependencies": [
            "module.eks.module.eks.data.aws_iam_policy_document.cluster_assume_role_policy",
            "module.eks.random_string.suffix"
          ],
          "create_before_destroy": true
        }
      ]
    },
    {
      "module": "module.eks.module.eks",
      "mode": "managed",
      "type": "aws_iam_role",
      "name": "workers",
      "provider": "module.eks.provider[\"registry.terraform.io/hashicorp/aws\"]",
      "instances": [
        {
          "index_key": 0,
          "schema_version": 0,
          "attributes": {
            "arn": "arn:aws:iam::865818553131:role/test-eks-cluster-AdTJBHpL2023060122464250500000000f",
            "assume_role_policy": "{\"Statement\":[{\"Action\":\"sts:AssumeRole\",\"Effect\":\"Allow\",\"Principal\":{\"Service\":\"ec2.amazonaws.com\"},\"Sid\":\"EKSWorkerAssumeRole\"}],\"Version\":\"2012-10-17\"}",
            "create_date": "2023-06-01T22:46:42Z",
            "description": "",
            "force_detach_policies": true,
            "id": "test-eks-cluster-AdTJBHpL2023060122464250500000000f",
            "inline_policy": [],
            "managed_policy_arns": [],
            "max_session_duration": 3600,
            "name": "test-eks-cluster-AdTJBHpL2023060122464250500000000f",
            "name_prefix": "test-eks-cluster-AdTJBHpL",
            "path": "/",
            "permissions_boundary": null,
            "tags": null,
            "tags_all": {},
            "unique_id": "AROA4TFWOVMV2FZ5JF7ZZ"
          },
          "sensitive_attributes": [],
          "private": "bnVsbA==",
          "dependencies": [
            "module.eks.data.aws_availability_zones.available",
            "module.eks.module.eks.aws_cloudwatch_log_group.this",
            "module.eks.module.eks.aws_eks_cluster.this",
            "module.eks.module.eks.aws_iam_role.cluster",
            "module.eks.module.eks.aws_iam_role_policy_attachment.cluster_AmazonEKSClusterPolicy",
            "module.eks.module.eks.aws_iam_role_policy_attachment.cluster_AmazonEKSServicePolicy",
            "module.eks.module.eks.aws_iam_role_policy_attachment.cluster_AmazonEKSVPCResourceControllerPolicy",
            "module.eks.module.eks.aws_security_group.cluster",
            "module.eks.module.eks.aws_security_group.workers",
            "module.eks.module.eks.aws_security_group_rule.cluster_egress_internet",
            "module.eks.module.eks.aws_security_group_rule.cluster_https_worker_ingress",
            "module.eks.module.eks.data.aws_iam_policy_document.cluster_assume_role_policy",
            "module.eks.module.eks.data.aws_iam_policy_document.workers_assume_role_policy",
            "module.eks.module.eks.data.aws_iam_role.custom_cluster_iam_role",
            "module.eks.module.eks.data.aws_partition.current",
            "module.eks.module.vpc.aws_subnet.private",
            "module.eks.module.vpc.aws_vpc.this",
            "module.eks.module.vpc.aws_vpc_ipv4_cidr_block_association.this",
            "module.eks.random_string.suffix"
          ],
          "create_before_destroy": true
        }
      ]
    },
    {
      "module": "module.eks.module.eks",
      "mode": "managed",
      "type": "aws_iam_role_policy_attachment",
      "name": "cluster_AmazonEKSClusterPolicy",
      "provider": "module.eks.provider[\"registry.terraform.io/hashicorp/aws\"]",
      "instances": [
        {
          "index_key": 0,
          "schema_version": 0,
          "attributes": {
            "id": "test-eks-cluster-AdTJBHpL20230601223906326900000003-20230601223906855900000005",
            "policy_arn": "arn:aws:iam::aws:policy/AmazonEKSClusterPolicy",
            "role": "test-eks-cluster-AdTJBHpL20230601223906326900000003"
          },
          "sensitive_attributes": [],
          "private": "bnVsbA==",
          "dependencies": [
            "module.eks.module.eks.aws_iam_role.cluster",
            "module.eks.module.eks.data.aws_iam_policy_document.cluster_assume_role_policy",
            "module.eks.module.eks.data.aws_partition.current",
            "module.eks.random_string.suffix"
          ],
          "create_before_destroy": true
        }
      ]
    },
    {
      "module": "module.eks.module.eks",
      "mode": "managed",
      "type": "aws_iam_role_policy_attachment",
      "name": "cluster_AmazonEKSServicePolicy",
      "provider": "module.eks.provider[\"registry.terraform.io/hashicorp/aws\"]",
      "instances": [
        {
          "index_key": 0,
          "schema_version": 0,
          "attributes": {
            "id": "test-eks-cluster-AdTJBHpL20230601223906326900000003-20230601223906855900000006",
            "policy_arn": "arn:aws:iam::aws:policy/AmazonEKSServicePolicy",
            "role": "test-eks-cluster-AdTJBHpL20230601223906326900000003"
          },
          "sensitive_attributes": [],
          "private": "bnVsbA==",
          "dependencies": [
            "module.eks.module.eks.aws_iam_role.cluster",
            "module.eks.module.eks.data.aws_iam_policy_document.cluster_assume_role_policy",
            "module.eks.module.eks.data.aws_partition.current",
            "module.eks.random_string.suffix"
          ],
          "create_before_destroy": true
        }
      ]
    },
    {
      "module": "module.eks.module.eks",
      "mode": "managed",
      "type": "aws_iam_role_policy_attachment",
      "name": "cluster_AmazonEKSVPCResourceControllerPolicy",
      "provider": "module.eks.provider[\"registry.terraform.io/hashicorp/aws\"]",
      "instances": [
        {
          "index_key": 0,
          "schema_version": 0,
          "attributes": {
            "id": "test-eks-cluster-AdTJBHpL20230601223906326900000003-20230601223906903200000007",
            "policy_arn": "arn:aws:iam::aws:policy/AmazonEKSVPCResourceController",
            "role": "test-eks-cluster-AdTJBHpL20230601223906326900000003"
          },
          "sensitive_attributes": [],
          "private": "bnVsbA==",
          "dependencies": [
            "module.eks.module.eks.aws_iam_role.cluster",
            "module.eks.module.eks.data.aws_iam_policy_document.cluster_assume_role_policy",
            "module.eks.module.eks.data.aws_partition.current",
            "module.eks.random_string.suffix"
          ],
          "create_before_destroy": true
        }
      ]
    },
    {
      "module": "module.eks.module.eks",
      "mode": "managed",
      "type": "aws_iam_role_policy_attachment",
      "name": "cluster_deny_log_group",
      "provider": "module.eks.provider[\"registry.terraform.io/hashicorp/aws\"]",
      "instances": [
        {
          "index_key": 0,
          "schema_version": 0,
          "attributes": {
            "id": "test-eks-cluster-AdTJBHpL20230601223906326900000003-20230601223907055900000008",
            "policy_arn": "arn:aws:iam::865818553131:policy/test-eks-cluster-AdTJBHpL-deny-log-group20230601223906325400000002",
            "role": "test-eks-cluster-AdTJBHpL20230601223906326900000003"
          },
          "sensitive_attributes": [],
          "private": "bnVsbA==",
          "dependencies": [
            "module.eks.module.eks.aws_iam_policy.cluster_deny_log_group",
            "module.eks.module.eks.aws_iam_role.cluster",
            "module.eks.module.eks.data.aws_iam_policy_document.cluster_assume_role_policy",
            "module.eks.module.eks.data.aws_iam_policy_document.cluster_deny_log_group",
            "module.eks.random_string.suffix"
          ]
        }
      ]
    },
    {
      "module": "module.eks.module.eks",
      "mode": "managed",
      "type": "aws_iam_role_policy_attachment",
      "name": "cluster_elb_sl_role_creation",
      "provider": "module.eks.provider[\"registry.terraform.io/hashicorp/aws\"]",
      "instances": [
        {
          "index_key": 0,
          "schema_version": 0,
          "attributes": {
            "id": "test-eks-cluster-AdTJBHpL20230601223906326900000003-20230601223906833800000004",
            "policy_arn": "arn:aws:iam::865818553131:policy/test-eks-cluster-AdTJBHpL-elb-sl-role-creation20230601223906325300000001",
            "role": "test-eks-cluster-AdTJBHpL20230601223906326900000003"
          },
          "sensitive_attributes": [],
          "private": "bnVsbA==",
          "dependencies": [
            "module.eks.module.eks.aws_iam_policy.cluster_elb_sl_role_creation",
            "module.eks.module.eks.aws_iam_role.cluster",
            "module.eks.module.eks.data.aws_iam_policy_document.cluster_assume_role_policy",
            "module.eks.module.eks.data.aws_iam_policy_document.cluster_elb_sl_role_creation",
            "module.eks.random_string.suffix"
          ]
        }
      ]
    },
    {
      "module": "module.eks.module.eks",
      "mode": "managed",
      "type": "aws_iam_role_policy_attachment",
      "name": "workers_AmazonEC2ContainerRegistryReadOnly",
      "provider": "module.eks.provider[\"registry.terraform.io/hashicorp/aws\"]",
      "instances": [
        {
          "index_key": 0,
          "schema_version": 0,
          "attributes": {
            "id": "test-eks-cluster-AdTJBHpL2023060122464250500000000f-20230601224643056500000013",
            "policy_arn": "arn:aws:iam::aws:policy/AmazonEC2ContainerRegistryReadOnly",
            "role": "test-eks-cluster-AdTJBHpL2023060122464250500000000f"
          },
          "sensitive_attributes": [],
          "private": "bnVsbA==",
          "dependencies": [
            "module.eks.data.aws_availability_zones.available",
            "module.eks.module.eks.aws_cloudwatch_log_group.this",
            "module.eks.module.eks.aws_eks_cluster.this",
            "module.eks.module.eks.aws_iam_role.cluster",
            "module.eks.module.eks.aws_iam_role.workers",
            "module.eks.module.eks.aws_iam_role_policy_attachment.cluster_AmazonEKSClusterPolicy",
            "module.eks.module.eks.aws_iam_role_policy_attachment.cluster_AmazonEKSServicePolicy",
            "module.eks.module.eks.aws_iam_role_policy_attachment.cluster_AmazonEKSVPCResourceControllerPolicy",
            "module.eks.module.eks.aws_security_group.cluster",
            "module.eks.module.eks.aws_security_group.workers",
            "module.eks.module.eks.aws_security_group_rule.cluster_egress_internet",
            "module.eks.module.eks.aws_security_group_rule.cluster_https_worker_ingress",
            "module.eks.module.eks.data.aws_iam_policy_document.cluster_assume_role_policy",
            "module.eks.module.eks.data.aws_iam_policy_document.workers_assume_role_policy",
            "module.eks.module.eks.data.aws_iam_role.custom_cluster_iam_role",
            "module.eks.module.eks.data.aws_partition.current",
            "module.eks.module.vpc.aws_subnet.private",
            "module.eks.module.vpc.aws_vpc.this",
            "module.eks.module.vpc.aws_vpc_ipv4_cidr_block_association.this",
            "module.eks.random_string.suffix"
          ],
          "create_before_destroy": true
        }
      ]
    },
    {
      "module": "module.eks.module.eks",
      "mode": "managed",
      "type": "aws_iam_role_policy_attachment",
      "name": "workers_AmazonEKSWorkerNodePolicy",
      "provider": "module.eks.provider[\"registry.terraform.io/hashicorp/aws\"]",
      "instances": [
        {
          "index_key": 0,
          "schema_version": 0,
          "attributes": {
            "id": "test-eks-cluster-AdTJBHpL2023060122464250500000000f-20230601224642946400000012",
            "policy_arn": "arn:aws:iam::aws:policy/AmazonEKSWorkerNodePolicy",
            "role": "test-eks-cluster-AdTJBHpL2023060122464250500000000f"
          },
          "sensitive_attributes": [],
          "private": "bnVsbA==",
          "dependencies": [
            "module.eks.data.aws_availability_zones.available",
            "module.eks.module.eks.aws_cloudwatch_log_group.this",
            "module.eks.module.eks.aws_eks_cluster.this",
            "module.eks.module.eks.aws_iam_role.cluster",
            "module.eks.module.eks.aws_iam_role.workers",
            "module.eks.module.eks.aws_iam_role_policy_attachment.cluster_AmazonEKSClusterPolicy",
            "module.eks.module.eks.aws_iam_role_policy_attachment.cluster_AmazonEKSServicePolicy",
            "module.eks.module.eks.aws_iam_role_policy_attachment.cluster_AmazonEKSVPCResourceControllerPolicy",
            "module.eks.module.eks.aws_security_group.cluster",
            "module.eks.module.eks.aws_security_group.workers",
            "module.eks.module.eks.aws_security_group_rule.cluster_egress_internet",
            "module.eks.module.eks.aws_security_group_rule.cluster_https_worker_ingress",
            "module.eks.module.eks.data.aws_iam_policy_document.cluster_assume_role_policy",
            "module.eks.module.eks.data.aws_iam_policy_document.workers_assume_role_policy",
            "module.eks.module.eks.data.aws_iam_role.custom_cluster_iam_role",
            "module.eks.module.eks.data.aws_partition.current",
            "module.eks.module.vpc.aws_subnet.private",
            "module.eks.module.vpc.aws_vpc.this",
            "module.eks.module.vpc.aws_vpc_ipv4_cidr_block_association.this",
            "module.eks.random_string.suffix"
          ],
          "create_before_destroy": true
        }
      ]
    },
    {
      "module": "module.eks.module.eks",
      "mode": "managed",
      "type": "aws_iam_role_policy_attachment",
      "name": "workers_AmazonEKS_CNI_Policy",
      "provider": "module.eks.provider[\"registry.terraform.io/hashicorp/aws\"]",
      "instances": [
        {
          "index_key": 0,
          "schema_version": 0,
          "attributes": {
            "id": "test-eks-cluster-AdTJBHpL2023060122464250500000000f-20230601224643132600000014",
            "policy_arn": "arn:aws:iam::aws:policy/AmazonEKS_CNI_Policy",
            "role": "test-eks-cluster-AdTJBHpL2023060122464250500000000f"
          },
          "sensitive_attributes": [],
          "private": "bnVsbA==",
          "dependencies": [
            "module.eks.data.aws_availability_zones.available",
            "module.eks.module.eks.aws_cloudwatch_log_group.this",
            "module.eks.module.eks.aws_eks_cluster.this",
            "module.eks.module.eks.aws_iam_role.cluster",
            "module.eks.module.eks.aws_iam_role.workers",
            "module.eks.module.eks.aws_iam_role_policy_attachment.cluster_AmazonEKSClusterPolicy",
            "module.eks.module.eks.aws_iam_role_policy_attachment.cluster_AmazonEKSServicePolicy",
            "module.eks.module.eks.aws_iam_role_policy_attachment.cluster_AmazonEKSVPCResourceControllerPolicy",
            "module.eks.module.eks.aws_security_group.cluster",
            "module.eks.module.eks.aws_security_group.workers",
            "module.eks.module.eks.aws_security_group_rule.cluster_egress_internet",
            "module.eks.module.eks.aws_security_group_rule.cluster_https_worker_ingress",
            "module.eks.module.eks.data.aws_iam_policy_document.cluster_assume_role_policy",
            "module.eks.module.eks.data.aws_iam_policy_document.workers_assume_role_policy",
            "module.eks.module.eks.data.aws_iam_role.custom_cluster_iam_role",
            "module.eks.module.eks.data.aws_partition.current",
            "module.eks.module.vpc.aws_subnet.private",
            "module.eks.module.vpc.aws_vpc.this",
            "module.eks.module.vpc.aws_vpc_ipv4_cidr_block_association.this",
            "module.eks.random_string.suffix"
          ],
          "create_before_destroy": true
        }
      ]
    },
    {
      "module": "module.eks.module.eks",
      "mode": "managed",
      "type": "aws_iam_role_policy_attachment",
      "name": "workers_additional_policies",
      "provider": "module.eks.provider[\"registry.terraform.io/hashicorp/aws\"]",
      "instances": []
    },
    {
      "module": "module.eks.module.eks",
      "mode": "managed",
      "type": "aws_launch_configuration",
      "name": "workers",
      "provider": "module.eks.provider[\"registry.terraform.io/hashicorp/aws\"]",
      "instances": [
        {
          "index_key": 0,
          "schema_version": 0,
          "attributes": {
            "arn": "arn:aws:autoscaling:us-east-1:865818553131:launchConfiguration:82b87a2d-11d7-405e-ad74-1e8fd68bc8c8:launchConfigurationName/test-eks-cluster-AdTJBHpL-worker-group-120230601224643332300000016",
            "associate_public_ip_address": false,
            "ebs_block_device": [],
            "ebs_optimized": false,
            "enable_monitoring": true,
            "ephemeral_block_device": [],
            "iam_instance_profile": "test-eks-cluster-AdTJBHpL20230601224642835400000011",
            "id": "test-eks-cluster-AdTJBHpL-worker-group-120230601224643332300000016",
            "image_id": "ami-0b94943bd76cb55c2",
            "instance_type": "t2.small",
            "key_name": "",
            "metadata_options": [
              {
                "http_endpoint": "enabled",
                "http_put_response_hop_limit": 1,
                "http_tokens": "optional"
              }
            ],
            "name": "test-eks-cluster-AdTJBHpL-worker-group-120230601224643332300000016",
            "name_prefix": "test-eks-cluster-AdTJBHpL-worker-group-1",
            "placement_tenancy": "",
            "root_block_device": [
              {
                "delete_on_termination": true,
                "encrypted": false,
                "iops": 0,
                "throughput": 0,
                "volume_size": 100,
                "volume_type": "gp2"
              }
            ],
            "security_groups": [
              "sg-01fecb2c1d28390ab",
              "sg-0dbc63f0d7aaefe2d"
            ],
            "spot_price": "",
            "user_data": null,
            "user_data_base64": "IyEvYmluL2Jhc2ggLWUKCiMgQWxsb3cgdXNlciBzdXBwbGllZCBwcmUgdXNlcmRhdGEgY29kZQoKCiMgQm9vdHN0cmFwIGFuZCBqb2luIHRoZSBjbHVzdGVyCi9ldGMvZWtzL2Jvb3RzdHJhcC5zaCAtLWI2NC1jbHVzdGVyLWNhICdMUzB0TFMxQ1JVZEpUaUJEUlZKVVNVWkpRMEZVUlMwdExTMHRDazFKU1VNdmFrTkRRV1ZoWjBGM1NVSkJaMGxDUVVSQlRrSm5hM0ZvYTJsSE9YY3dRa0ZSYzBaQlJFRldUVkpOZDBWUldVUldVVkZFUlhkd2NtUlhTbXdLWTIwMWJHUkhWbnBOUWpSWVJGUkplazFFV1hkTlZFbDVUa1JSTUUxV2IxaEVWRTE2VFVSVmVVOVVTWGxPUkZFd1RWWnZkMFpVUlZSTlFrVkhRVEZWUlFwQmVFMUxZVE5XYVZwWVNuVmFXRkpzWTNwRFEwRlRTWGRFVVZsS1MyOWFTV2gyWTA1QlVVVkNRbEZCUkdkblJWQkJSRU5EUVZGdlEyZG5SVUpCVUVVMUNrbDVRVmQyZUM5Q1VrZEpTWFZKYlZCNmMwVXhkekpRY0dWeWJsSjFVeXRrTldsV1UyeHlUR0pPVTBjcllubDBOMEpVZEhWRmVXNXlXVTE0YmpaQ1Rua0tNM0ptWmxRMk1ETnJhRk5JVDNoa1RVOVZOazFqTldaMVRHcG9UM1kxTlU1MWVucDZkSGxqVVhWeE1ubEZMMVZSU21wMlNIbDVWbEY1UTNKRVptMWhNZ3BrWW5KdU5WWmlVVVZXU0hsVGRXdHdRMlZtU2pKa1lXOHdTRnBNTmt4alprMVViemhvYkVoR1Z6aFhUVzVHUkdndk1UQjRkMlE0U1VaaldsZHFjV1UwQ2pWdFpqWlhRV1ZaZGt0NGJpdFFORGwxVVdORlVHcDZjMjlKVFhjdldrcEtNakYwWkdsWWRrSTFTeXMyTVhveWRqSldSekpTYTAxMFVUUnNWWFp5YTBvS1FVWllXVUZ5T1hacVNFMVpLMXBKYUVrNUsyZE9TRmxpUkZKbFQxVm1jRTVrVDJSRE1GWjVRbWwzTjNGU1kwWkpRa2RKVFhWNFVGVkxiMlZFYkZGWVJBbzNRVXQ1WmtOVmFrSktkakJMYzBjMmRtVlZRMEYzUlVGQllVNWFUVVpqZDBSbldVUldVakJRUVZGSUwwSkJVVVJCWjB0clRVRTRSMEV4VldSRmQwVkNDaTkzVVVaTlFVMUNRV1k0ZDBoUldVUldVakJQUWtKWlJVWk1kVXBJY0RJMldEQm9NVk51WTNGUGIzTnJXR2hrV2t4bmNWVk5RbFZIUVRGVlpFVlJVVThLVFVGNVEwTnRkREZaYlZaNVltMVdNRnBZVFhkRVVWbEtTMjlhU1doMlkwNUJVVVZNUWxGQlJHZG5SVUpCUm1kWGRTdHhXSFZQYkd4WFpuSnhWRFI1Vndvdk5tUklUVWdyWVVWbFZ6WXlWSGxsYzNJdk9EbGhaM05KYlRFNE1rdFpiMHg2TldSbVVIaG9VM1JrVnpOM1RteFdUbXhSU2tjd2FpdFhja2dyU0V4dENrY3JSV3BJZEVsQlNXcE1kRXhrWjBoYUx5OUpRbFI0UWtaQ05uTnJVMHAyVUU1NFdXZHNZV3gyWVZwd2FHdExZa1ZaYjJkMlMzbFZOVU55ZUd4MlpIY0tLMmRZVWtOU1YwcGlTbU0zUW5VMWNrbFRhbE5VSzNaek5qUTVVbE51UjNSWmVWbzVVR1J5U0dsYWJTOXRZU3RSTWpoa1RXWXhaWEoxU3pOa1UydDZNQXAyV1ZsQ2NFNHJkMjlxWkV4RVJYaHFRMkUzWjA0MU5GZFlZa3M1VVRZMU1UTmFlbkJYYjFKQll6SkxRMFJ6VTFBd09FcDVhRkpYUm5GcVIzbzBjVFEzQ2poUWFUVmtLemhKVUM5NVVHdE1XVzB2TTBVemRXdDNVa2cxYkZWWFl6RlNNbGxQY1hKQlRGSlFZbXhwVG5wU0x6Sk5UR3hJZFVoT2VUSXhaVFU0VFhJS1dIbDNQUW90TFMwdExVVk9SQ0JEUlZKVVNVWkpRMEZVUlMwdExTMHRDZz09JyAtLWFwaXNlcnZlci1lbmRwb2ludCAnaHR0cHM6Ly83Mjg5Q0I2NUE5RDVCNkYwMDdGNzE1QjYwMUVDODI2RS5ncjcudXMtZWFzdC0xLmVrcy5hbWF6b25hd3MuY29tJyAgLS1rdWJlbGV0LWV4dHJhLWFyZ3MgIiIgJ3Rlc3QtZWtzLWNsdXN0ZXItQWRUSkJIcEwnCgojIEFsbG93IHVzZXIgc3VwcGxpZWQgdXNlcmRhdGEgY29kZQplY2hvIG5vdGhpbmcK",
            "vpc_classic_link_id": "",
            "vpc_classic_link_security_groups": null
          },
          "sensitive_attributes": [],
          "private": "bnVsbA==",
          "dependencies": [
            "module.eks.aws_security_group.worker_group_mgmt_one",
            "module.eks.aws_security_group.worker_group_mgmt_two",
            "module.eks.data.aws_availability_zones.available",
            "module.eks.module.eks.aws_cloudwatch_log_group.this",
            "module.eks.module.eks.aws_eks_cluster.this",
            "module.eks.module.eks.aws_iam_instance_profile.workers",
            "module.eks.module.eks.aws_iam_role.cluster",
            "module.eks.module.eks.aws_iam_role.workers",
            "module.eks.module.eks.aws_iam_role_policy_attachment.cluster_AmazonEKSClusterPolicy",
            "module.eks.module.eks.aws_iam_role_policy_attachment.cluster_AmazonEKSServicePolicy",
            "module.eks.module.eks.aws_iam_role_policy_attachment.cluster_AmazonEKSVPCResourceControllerPolicy",
            "module.eks.module.eks.aws_iam_role_policy_attachment.workers_AmazonEC2ContainerRegistryReadOnly",
            "module.eks.module.eks.aws_iam_role_policy_attachment.workers_AmazonEKSWorkerNodePolicy",
            "module.eks.module.eks.aws_iam_role_policy_attachment.workers_AmazonEKS_CNI_Policy",
            "module.eks.module.eks.aws_iam_role_policy_attachment.workers_additional_policies",
            "module.eks.module.eks.aws_security_group.cluster",
            "module.eks.module.eks.aws_security_group.workers",
            "module.eks.module.eks.aws_security_group_rule.cluster_egress_internet",
            "module.eks.module.eks.aws_security_group_rule.cluster_https_worker_ingress",
            "module.eks.module.eks.aws_security_group_rule.cluster_primary_ingress_workers",
            "module.eks.module.eks.aws_security_group_rule.workers_egress_internet",
            "module.eks.module.eks.aws_security_group_rule.workers_ingress_cluster",
            "module.eks.module.eks.aws_security_group_rule.workers_ingress_cluster_https",
            "module.eks.module.eks.aws_security_group_rule.workers_ingress_cluster_kubelet",
            "module.eks.module.eks.aws_security_group_rule.workers_ingress_cluster_primary",
            "module.eks.module.eks.aws_security_group_rule.workers_ingress_self",
            "module.eks.module.eks.data.aws_ami.eks_worker",
            "module.eks.module.eks.data.aws_ami.eks_worker_windows",
            "module.eks.module.eks.data.aws_iam_instance_profile.custom_worker_group_iam_instance_profile",
            "module.eks.module.eks.data.aws_iam_policy_document.cluster_assume_role_policy",
            "module.eks.module.eks.data.aws_iam_policy_document.workers_assume_role_policy",
            "module.eks.module.eks.data.aws_iam_role.custom_cluster_iam_role",
            "module.eks.module.eks.data.aws_partition.current",
            "module.eks.module.vpc.aws_subnet.private",
            "module.eks.module.vpc.aws_vpc.this",
            "module.eks.module.vpc.aws_vpc_ipv4_cidr_block_association.this",
            "module.eks.random_string.suffix"
          ],
          "create_before_destroy": true
        },
        {
          "index_key": 1,
          "schema_version": 0,
          "attributes": {
            "arn": "arn:aws:autoscaling:us-east-1:865818553131:launchConfiguration:5c6d521e-1d4c-4055-ac24-c5872a70e937:launchConfigurationName/test-eks-cluster-AdTJBHpL-worker-group-220230601224643332300000015",
            "associate_public_ip_address": false,
            "ebs_block_device": [],
            "ebs_optimized": false,
            "enable_monitoring": true,
            "ephemeral_block_device": [],
            "iam_instance_profile": "test-eks-cluster-AdTJBHpL20230601224642835100000010",
            "id": "test-eks-cluster-AdTJBHpL-worker-group-220230601224643332300000015",
            "image_id": "ami-0b94943bd76cb55c2",
            "instance_type": "t2.medium",
            "key_name": "",
            "metadata_options": [
              {
                "http_endpoint": "enabled",
                "http_put_response_hop_limit": 1,
                "http_tokens": "optional"
              }
            ],
            "name": "test-eks-cluster-AdTJBHpL-worker-group-220230601224643332300000015",
            "name_prefix": "test-eks-cluster-AdTJBHpL-worker-group-2",
            "placement_tenancy": "",
            "root_block_device": [
              {
                "delete_on_termination": true,
                "encrypted": false,
                "iops": 0,
                "throughput": 0,
                "volume_size": 100,
                "volume_type": "gp2"
              }
            ],
            "security_groups": [
              "sg-01c68307e3f0c3dc4",
              "sg-01fecb2c1d28390ab"
            ],
            "spot_price": "",
            "user_data": null,
            "user_data_base64": "IyEvYmluL2Jhc2ggLWUKCiMgQWxsb3cgdXNlciBzdXBwbGllZCBwcmUgdXNlcmRhdGEgY29kZQoKCiMgQm9vdHN0cmFwIGFuZCBqb2luIHRoZSBjbHVzdGVyCi9ldGMvZWtzL2Jvb3RzdHJhcC5zaCAtLWI2NC1jbHVzdGVyLWNhICdMUzB0TFMxQ1JVZEpUaUJEUlZKVVNVWkpRMEZVUlMwdExTMHRDazFKU1VNdmFrTkRRV1ZoWjBGM1NVSkJaMGxDUVVSQlRrSm5hM0ZvYTJsSE9YY3dRa0ZSYzBaQlJFRldUVkpOZDBWUldVUldVVkZFUlhkd2NtUlhTbXdLWTIwMWJHUkhWbnBOUWpSWVJGUkplazFFV1hkTlZFbDVUa1JSTUUxV2IxaEVWRTE2VFVSVmVVOVVTWGxPUkZFd1RWWnZkMFpVUlZSTlFrVkhRVEZWUlFwQmVFMUxZVE5XYVZwWVNuVmFXRkpzWTNwRFEwRlRTWGRFVVZsS1MyOWFTV2gyWTA1QlVVVkNRbEZCUkdkblJWQkJSRU5EUVZGdlEyZG5SVUpCVUVVMUNrbDVRVmQyZUM5Q1VrZEpTWFZKYlZCNmMwVXhkekpRY0dWeWJsSjFVeXRrTldsV1UyeHlUR0pPVTBjcllubDBOMEpVZEhWRmVXNXlXVTE0YmpaQ1Rua0tNM0ptWmxRMk1ETnJhRk5JVDNoa1RVOVZOazFqTldaMVRHcG9UM1kxTlU1MWVucDZkSGxqVVhWeE1ubEZMMVZSU21wMlNIbDVWbEY1UTNKRVptMWhNZ3BrWW5KdU5WWmlVVVZXU0hsVGRXdHdRMlZtU2pKa1lXOHdTRnBNTmt4alprMVViemhvYkVoR1Z6aFhUVzVHUkdndk1UQjRkMlE0U1VaaldsZHFjV1UwQ2pWdFpqWlhRV1ZaZGt0NGJpdFFORGwxVVdORlVHcDZjMjlKVFhjdldrcEtNakYwWkdsWWRrSTFTeXMyTVhveWRqSldSekpTYTAxMFVUUnNWWFp5YTBvS1FVWllXVUZ5T1hacVNFMVpLMXBKYUVrNUsyZE9TRmxpUkZKbFQxVm1jRTVrVDJSRE1GWjVRbWwzTjNGU1kwWkpRa2RKVFhWNFVGVkxiMlZFYkZGWVJBbzNRVXQ1WmtOVmFrSktkakJMYzBjMmRtVlZRMEYzUlVGQllVNWFUVVpqZDBSbldVUldVakJRUVZGSUwwSkJVVVJCWjB0clRVRTRSMEV4VldSRmQwVkNDaTkzVVVaTlFVMUNRV1k0ZDBoUldVUldVakJQUWtKWlJVWk1kVXBJY0RJMldEQm9NVk51WTNGUGIzTnJXR2hrV2t4bmNWVk5RbFZIUVRGVlpFVlJVVThLVFVGNVEwTnRkREZaYlZaNVltMVdNRnBZVFhkRVVWbEtTMjlhU1doMlkwNUJVVVZNUWxGQlJHZG5SVUpCUm1kWGRTdHhXSFZQYkd4WFpuSnhWRFI1Vndvdk5tUklUVWdyWVVWbFZ6WXlWSGxsYzNJdk9EbGhaM05KYlRFNE1rdFpiMHg2TldSbVVIaG9VM1JrVnpOM1RteFdUbXhSU2tjd2FpdFhja2dyU0V4dENrY3JSV3BJZEVsQlNXcE1kRXhrWjBoYUx5OUpRbFI0UWtaQ05uTnJVMHAyVUU1NFdXZHNZV3gyWVZwd2FHdExZa1ZaYjJkMlMzbFZOVU55ZUd4MlpIY0tLMmRZVWtOU1YwcGlTbU0zUW5VMWNrbFRhbE5VSzNaek5qUTVVbE51UjNSWmVWbzVVR1J5U0dsYWJTOXRZU3RSTWpoa1RXWXhaWEoxU3pOa1UydDZNQXAyV1ZsQ2NFNHJkMjlxWkV4RVJYaHFRMkUzWjA0MU5GZFlZa3M1VVRZMU1UTmFlbkJYYjFKQll6SkxRMFJ6VTFBd09FcDVhRkpYUm5GcVIzbzBjVFEzQ2poUWFUVmtLemhKVUM5NVVHdE1XVzB2TTBVemRXdDNVa2cxYkZWWFl6RlNNbGxQY1hKQlRGSlFZbXhwVG5wU0x6Sk5UR3hJZFVoT2VUSXhaVFU0VFhJS1dIbDNQUW90TFMwdExVVk9SQ0JEUlZKVVNVWkpRMEZVUlMwdExTMHRDZz09JyAtLWFwaXNlcnZlci1lbmRwb2ludCAnaHR0cHM6Ly83Mjg5Q0I2NUE5RDVCNkYwMDdGNzE1QjYwMUVDODI2RS5ncjcudXMtZWFzdC0xLmVrcy5hbWF6b25hd3MuY29tJyAgLS1rdWJlbGV0LWV4dHJhLWFyZ3MgIiIgJ3Rlc3QtZWtzLWNsdXN0ZXItQWRUSkJIcEwnCgojIEFsbG93IHVzZXIgc3VwcGxpZWQgdXNlcmRhdGEgY29kZQplY2hvIG5vdGhpbmcK",
            "vpc_classic_link_id": "",
            "vpc_classic_link_security_groups": null
          },
          "sensitive_attributes": [],
          "private": "bnVsbA==",
          "dependencies": [
            "module.eks.aws_security_group.worker_group_mgmt_one",
            "module.eks.aws_security_group.worker_group_mgmt_two",
            "module.eks.data.aws_availability_zones.available",
            "module.eks.module.eks.aws_cloudwatch_log_group.this",
            "module.eks.module.eks.aws_eks_cluster.this",
            "module.eks.module.eks.aws_iam_instance_profile.workers",
            "module.eks.module.eks.aws_iam_role.cluster",
            "module.eks.module.eks.aws_iam_role.workers",
            "module.eks.module.eks.aws_iam_role_policy_attachment.cluster_AmazonEKSClusterPolicy",
            "module.eks.module.eks.aws_iam_role_policy_attachment.cluster_AmazonEKSServicePolicy",
            "module.eks.module.eks.aws_iam_role_policy_attachment.cluster_AmazonEKSVPCResourceControllerPolicy",
            "module.eks.module.eks.aws_iam_role_policy_attachment.workers_AmazonEC2ContainerRegistryReadOnly",
            "module.eks.module.eks.aws_iam_role_policy_attachment.workers_AmazonEKSWorkerNodePolicy",
            "module.eks.module.eks.aws_iam_role_policy_attachment.workers_AmazonEKS_CNI_Policy",
            "module.eks.module.eks.aws_iam_role_policy_attachment.workers_additional_policies",
            "module.eks.module.eks.aws_security_group.cluster",
            "module.eks.module.eks.aws_security_group.workers",
            "module.eks.module.eks.aws_security_group_rule.cluster_egress_internet",
            "module.eks.module.eks.aws_security_group_rule.cluster_https_worker_ingress",
            "module.eks.module.eks.aws_security_group_rule.cluster_primary_ingress_workers",
            "module.eks.module.eks.aws_security_group_rule.workers_egress_internet",
            "module.eks.module.eks.aws_security_group_rule.workers_ingress_cluster",
            "module.eks.module.eks.aws_security_group_rule.workers_ingress_cluster_https",
            "module.eks.module.eks.aws_security_group_rule.workers_ingress_cluster_kubelet",
            "module.eks.module.eks.aws_security_group_rule.workers_ingress_cluster_primary",
            "module.eks.module.eks.aws_security_group_rule.workers_ingress_self",
            "module.eks.module.eks.data.aws_ami.eks_worker",
            "module.eks.module.eks.data.aws_ami.eks_worker_windows",
            "module.eks.module.eks.data.aws_iam_instance_profile.custom_worker_group_iam_instance_profile",
            "module.eks.module.eks.data.aws_iam_policy_document.cluster_assume_role_policy",
            "module.eks.module.eks.data.aws_iam_policy_document.workers_assume_role_policy",
            "module.eks.module.eks.data.aws_iam_role.custom_cluster_iam_role",
            "module.eks.module.eks.data.aws_partition.current",
            "module.eks.module.vpc.aws_subnet.private",
            "module.eks.module.vpc.aws_vpc.this",
            "module.eks.module.vpc.aws_vpc_ipv4_cidr_block_association.this",
            "module.eks.random_string.suffix"
          ],
          "create_before_destroy": true
        }
      ]
    },
    {
      "module": "module.eks.module.eks",
      "mode": "managed",
      "type": "aws_security_group",
      "name": "cluster",
      "provider": "module.eks.provider[\"registry.terraform.io/hashicorp/aws\"]",
      "instances": [
        {
          "index_key": 0,
          "schema_version": 1,
          "attributes": {
            "arn": "arn:aws:ec2:us-east-1:865818553131:security-group/sg-07298b91f95dbb0aa",
            "description": "EKS cluster security group.",
            "egress": [],
            "id": "sg-07298b91f95dbb0aa",
            "ingress": [],
            "name": "test-eks-cluster-AdTJBHpL2023060122391984480000000d",
            "name_prefix": "test-eks-cluster-AdTJBHpL",
            "owner_id": "865818553131",
            "revoke_rules_on_delete": false,
            "tags": {
              "Name": "test-eks-cluster-AdTJBHpL-eks_cluster_sg"
            },
            "tags_all": {
              "Name": "test-eks-cluster-AdTJBHpL-eks_cluster_sg"
            },
            "timeouts": null,
            "vpc_id": "vpc-096cf5455429b245b"
          },
          "sensitive_attributes": [],
          "private": "eyJlMmJmYjczMC1lY2FhLTExZTYtOGY4OC0zNDM2M2JjN2M0YzAiOnsiY3JlYXRlIjo2MDAwMDAwMDAwMDAsImRlbGV0ZSI6OTAwMDAwMDAwMDAwfSwic2NoZW1hX3ZlcnNpb24iOiIxIn0=",
          "dependencies": [
            "module.eks.module.vpc.aws_vpc.this",
            "module.eks.random_string.suffix"
          ],
          "create_before_destroy": true
        }
      ]
    },
    {
      "module": "module.eks.module.eks",
      "mode": "managed",
      "type": "aws_security_group",
      "name": "workers",
      "provider": "module.eks.provider[\"registry.terraform.io/hashicorp/aws\"]",
      "instances": [
        {
          "index_key": 0,
          "schema_version": 1,
          "attributes": {
            "arn": "arn:aws:ec2:us-east-1:865818553131:security-group/sg-01fecb2c1d28390ab",
            "description": "Security group for all nodes in the cluster.",
            "egress": [],
            "id": "sg-01fecb2c1d28390ab",
            "ingress": [],
            "name": "test-eks-cluster-AdTJBHpL2023060122391948630000000c",
            "name_prefix": "test-eks-cluster-AdTJBHpL",
            "owner_id": "865818553131",
            "revoke_rules_on_delete": false,
            "tags": {
              "Name": "test-eks-cluster-AdTJBHpL-eks_worker_sg",
              "kubernetes.io/cluster/test-eks-cluster-AdTJBHpL": "owned"
            },
            "tags_all": {
              "Name": "test-eks-cluster-AdTJBHpL-eks_worker_sg",
              "kubernetes.io/cluster/test-eks-cluster-AdTJBHpL": "owned"
            },
            "timeouts": null,
            "vpc_id": "vpc-096cf5455429b245b"
          },
          "sensitive_attributes": [],
          "private": "eyJlMmJmYjczMC1lY2FhLTExZTYtOGY4OC0zNDM2M2JjN2M0YzAiOnsiY3JlYXRlIjo2MDAwMDAwMDAwMDAsImRlbGV0ZSI6OTAwMDAwMDAwMDAwfSwic2NoZW1hX3ZlcnNpb24iOiIxIn0=",
          "dependencies": [
            "module.eks.module.vpc.aws_vpc.this",
            "module.eks.random_string.suffix"
          ],
          "create_before_destroy": true
        }
      ]
    },
    {
      "module": "module.eks.module.eks",
      "mode": "managed",
      "type": "aws_security_group_rule",
      "name": "cluster_egress_internet",
      "provider": "module.eks.provider[\"registry.terraform.io/hashicorp/aws\"]",
      "instances": [
        {
          "index_key": 0,
          "schema_version": 2,
          "attributes": {
            "cidr_blocks": [
              "0.0.0.0/0"
            ],
            "description": "Allow cluster egress access to the Internet.",
            "from_port": 0,
            "id": "sgrule-2145450302",
            "ipv6_cidr_blocks": null,
            "prefix_list_ids": null,
            "protocol": "-1",
            "security_group_id": "sg-07298b91f95dbb0aa",
            "security_group_rule_id": "sgr-0e045c027de1bcbab",
            "self": false,
            "source_security_group_id": null,
            "timeouts": null,
            "to_port": 0,
            "type": "egress"
          },
          "sensitive_attributes": [],
          "private": "eyJlMmJmYjczMC1lY2FhLTExZTYtOGY4OC0zNDM2M2JjN2M0YzAiOnsiY3JlYXRlIjozMDAwMDAwMDAwMDB9LCJzY2hlbWFfdmVyc2lvbiI6IjIifQ==",
          "dependencies": [
            "module.eks.module.eks.aws_security_group.cluster",
            "module.eks.module.vpc.aws_vpc.this",
            "module.eks.random_string.suffix"
          ],
          "create_before_destroy": true
        }
      ]
    },
    {
      "module": "module.eks.module.eks",
      "mode": "managed",
      "type": "aws_security_group_rule",
      "name": "cluster_https_worker_ingress",
      "provider": "module.eks.provider[\"registry.terraform.io/hashicorp/aws\"]",
      "instances": [
        {
          "index_key": 0,
          "schema_version": 2,
          "attributes": {
            "cidr_blocks": null,
            "description": "Allow pods to communicate with the EKS cluster API.",
            "from_port": 443,
            "id": "sgrule-390259288",
            "ipv6_cidr_blocks": null,
            "prefix_list_ids": null,
            "protocol": "tcp",
            "security_group_id": "sg-07298b91f95dbb0aa",
            "security_group_rule_id": "sgr-0a988b5b7e81b19aa",
            "self": false,
            "source_security_group_id": "sg-01fecb2c1d28390ab",
            "timeouts": null,
            "to_port": 443,
            "type": "ingress"
          },
          "sensitive_attributes": [],
          "private": "eyJlMmJmYjczMC1lY2FhLTExZTYtOGY4OC0zNDM2M2JjN2M0YzAiOnsiY3JlYXRlIjozMDAwMDAwMDAwMDB9LCJzY2hlbWFfdmVyc2lvbiI6IjIifQ==",
          "dependencies": [
            "module.eks.module.eks.aws_security_group.cluster",
            "module.eks.module.eks.aws_security_group.workers",
            "module.eks.module.vpc.aws_vpc.this",
            "module.eks.random_string.suffix"
          ],
          "create_before_destroy": true
        }
      ]
    },
    {
      "module": "module.eks.module.eks",
      "mode": "managed",
      "type": "aws_security_group_rule",
      "name": "cluster_primary_ingress_workers",
      "provider": "module.eks.provider[\"registry.terraform.io/hashicorp/aws\"]",
      "instances": []
    },
    {
      "module": "module.eks.module.eks",
      "mode": "managed",
      "type": "aws_security_group_rule",
      "name": "cluster_private_access_cidrs_source",
      "provider": "module.eks.provider[\"registry.terraform.io/hashicorp/aws\"]",
      "instances": []
    },
    {
      "module": "module.eks.module.eks",
      "mode": "managed",
      "type": "aws_security_group_rule",
      "name": "cluster_private_access_sg_source",
      "provider": "module.eks.provider[\"registry.terraform.io/hashicorp/aws\"]",
      "instances": []
    },
    {
      "module": "module.eks.module.eks",
      "mode": "managed",
      "type": "aws_security_group_rule",
      "name": "workers_egress_internet",
      "provider": "module.eks.provider[\"registry.terraform.io/hashicorp/aws\"]",
      "instances": [
        {
          "index_key": 0,
          "schema_version": 2,
          "attributes": {
            "cidr_blocks": [
              "0.0.0.0/0"
            ],
            "description": "Allow nodes all egress to the Internet.",
            "from_port": 0,
            "id": "sgrule-2578418828",
            "ipv6_cidr_blocks": null,
            "prefix_list_ids": null,
            "protocol": "-1",
            "security_group_id": "sg-01fecb2c1d28390ab",
            "security_group_rule_id": "sgr-0b00f20afee31942e",
            "self": false,
            "source_security_group_id": null,
            "timeouts": null,
            "to_port": 0,
            "type": "egress"
          },
          "sensitive_attributes": [],
          "private": "eyJlMmJmYjczMC1lY2FhLTExZTYtOGY4OC0zNDM2M2JjN2M0YzAiOnsiY3JlYXRlIjozMDAwMDAwMDAwMDB9LCJzY2hlbWFfdmVyc2lvbiI6IjIifQ==",
          "dependencies": [
            "module.eks.module.eks.aws_security_group.workers",
            "module.eks.module.vpc.aws_vpc.this",
            "module.eks.random_string.suffix"
          ],
          "create_before_destroy": true
        }
      ]
    },
    {
      "module": "module.eks.module.eks",
      "mode": "managed",
      "type": "aws_security_group_rule",
      "name": "workers_ingress_cluster",
      "provider": "module.eks.provider[\"registry.terraform.io/hashicorp/aws\"]",
      "instances": [
        {
          "index_key": 0,
          "schema_version": 2,
          "attributes": {
            "cidr_blocks": null,
            "description": "Allow workers pods to receive communication from the cluster control plane.",
            "from_port": 1025,
            "id": "sgrule-36429096",
            "ipv6_cidr_blocks": null,
            "prefix_list_ids": null,
            "protocol": "tcp",
            "security_group_id": "sg-01fecb2c1d28390ab",
            "security_group_rule_id": "sgr-0b646ec7c13870d5b",
            "self": false,
            "source_security_group_id": "sg-07298b91f95dbb0aa",
            "timeouts": null,
            "to_port": 65535,
            "type": "ingress"
          },
          "sensitive_attributes": [],
          "private": "eyJlMmJmYjczMC1lY2FhLTExZTYtOGY4OC0zNDM2M2JjN2M0YzAiOnsiY3JlYXRlIjozMDAwMDAwMDAwMDB9LCJzY2hlbWFfdmVyc2lvbiI6IjIifQ==",
          "dependencies": [
            "module.eks.module.eks.aws_security_group.cluster",
            "module.eks.module.eks.aws_security_group.workers",
            "module.eks.module.vpc.aws_vpc.this",
            "module.eks.random_string.suffix"
          ],
          "create_before_destroy": true
        }
      ]
    },
    {
      "module": "module.eks.module.eks",
      "mode": "managed",
      "type": "aws_security_group_rule",
      "name": "workers_ingress_cluster_https",
      "provider": "module.eks.provider[\"registry.terraform.io/hashicorp/aws\"]",
      "instances": [
        {
          "index_key": 0,
          "schema_version": 2,
          "attributes": {
            "cidr_blocks": null,
            "description": "Allow pods running extension API servers on port 443 to receive communication from cluster control plane.",
            "from_port": 443,
            "id": "sgrule-1921612255",
            "ipv6_cidr_blocks": null,
            "prefix_list_ids": null,
            "protocol": "tcp",
            "security_group_id": "sg-01fecb2c1d28390ab",
            "security_group_rule_id": "sgr-0d10ec2d236852c2d",
            "self": false,
            "source_security_group_id": "sg-07298b91f95dbb0aa",
            "timeouts": null,
            "to_port": 443,
            "type": "ingress"
          },
          "sensitive_attributes": [],
          "private": "eyJlMmJmYjczMC1lY2FhLTExZTYtOGY4OC0zNDM2M2JjN2M0YzAiOnsiY3JlYXRlIjozMDAwMDAwMDAwMDB9LCJzY2hlbWFfdmVyc2lvbiI6IjIifQ==",
          "dependencies": [
            "module.eks.module.eks.aws_security_group.cluster",
            "module.eks.module.eks.aws_security_group.workers",
            "module.eks.module.vpc.aws_vpc.this",
            "module.eks.random_string.suffix"
          ],
          "create_before_destroy": true
        }
      ]
    },
    {
      "module": "module.eks.module.eks",
      "mode": "managed",
      "type": "aws_security_group_rule",
      "name": "workers_ingress_cluster_kubelet",
      "provider": "module.eks.provider[\"registry.terraform.io/hashicorp/aws\"]",
      "instances": []
    },
    {
      "module": "module.eks.module.eks",
      "mode": "managed",
      "type": "aws_security_group_rule",
      "name": "workers_ingress_cluster_primary",
      "provider": "module.eks.provider[\"registry.terraform.io/hashicorp/aws\"]",
      "instances": []
    },
    {
      "module": "module.eks.module.eks",
      "mode": "managed",
      "type": "aws_security_group_rule",
      "name": "workers_ingress_self",
      "provider": "module.eks.provider[\"registry.terraform.io/hashicorp/aws\"]",
      "instances": [
        {
          "index_key": 0,
          "schema_version": 2,
          "attributes": {
            "cidr_blocks": null,
            "description": "Allow node to communicate with each other.",
            "from_port": 0,
            "id": "sgrule-3384933639",
            "ipv6_cidr_blocks": null,
            "prefix_list_ids": null,
            "protocol": "-1",
            "security_group_id": "sg-01fecb2c1d28390ab",
            "security_group_rule_id": "sgr-02947a0d7a0a83769",
            "self": false,
            "source_security_group_id": "sg-01fecb2c1d28390ab",
            "timeouts": null,
            "to_port": 65535,
            "type": "ingress"
          },
          "sensitive_attributes": [],
          "private": "eyJlMmJmYjczMC1lY2FhLTExZTYtOGY4OC0zNDM2M2JjN2M0YzAiOnsiY3JlYXRlIjozMDAwMDAwMDAwMDB9LCJzY2hlbWFfdmVyc2lvbiI6IjIifQ==",
          "dependencies": [
            "module.eks.module.eks.aws_security_group.workers",
            "module.eks.module.vpc.aws_vpc.this",
            "module.eks.random_string.suffix"
          ],
          "create_before_destroy": true
        }
      ]
    },
    {
      "module": "module.eks.module.eks",
      "mode": "managed",
      "type": "kubernetes_config_map",
      "name": "aws_auth",
      "provider": "module.eks.provider[\"registry.terraform.io/hashicorp/kubernetes\"]",
      "instances": [
        {
          "index_key": 0,
          "schema_version": 0,
          "attributes": {
            "binary_data": null,
            "data": {
              "mapAccounts": "[]\n",
              "mapRoles": "- \"groups\":\n  - \"system:bootstrappers\"\n  - \"system:nodes\"\n  \"rolearn\": \"arn:aws:iam::865818553131:role/test-eks-cluster-AdTJBHpL2023060122464250500000000f\"\n  \"username\": \"system:node:{{EC2PrivateDNSName}}\"\n",
              "mapUsers": "[]\n"
            },
            "id": "kube-system/aws-auth",
            "immutable": false,
            "metadata": [
              {
                "annotations": null,
                "generate_name": "",
                "generation": 0,
                "labels": {
                  "app.kubernetes.io/managed-by": "Terraform",
                  "terraform.io/module": "terraform-aws-modules.eks.aws"
                },
                "name": "aws-auth",
                "namespace": "kube-system",
                "resource_version": "652",
                "uid": "2a343170-94a9-4d16-b2b8-57235d5e55cc"
              }
            ]
          },
          "sensitive_attributes": [],
          "private": "bnVsbA==",
          "dependencies": [
            "module.eks.aws_security_group.worker_group_mgmt_one",
            "module.eks.aws_security_group.worker_group_mgmt_two",
            "module.eks.data.aws_availability_zones.available",
            "module.eks.data.aws_eks_cluster.cluster",
            "module.eks.data.aws_eks_cluster_auth.cluster",
            "module.eks.module.eks.aws_cloudwatch_log_group.this",
            "module.eks.module.eks.aws_eks_cluster.this",
            "module.eks.module.eks.aws_iam_instance_profile.workers",
            "module.eks.module.eks.aws_iam_instance_profile.workers_launch_template",
            "module.eks.module.eks.aws_iam_role.cluster",
            "module.eks.module.eks.aws_iam_role.workers",
            "module.eks.module.eks.aws_iam_role_policy_attachment.cluster_AmazonEKSClusterPolicy",
            "module.eks.module.eks.aws_iam_role_policy_attachment.cluster_AmazonEKSServicePolicy",
            "module.eks.module.eks.aws_iam_role_policy_attachment.cluster_AmazonEKSVPCResourceControllerPolicy",
            "module.eks.module.eks.aws_iam_role_policy_attachment.workers_AmazonEC2ContainerRegistryReadOnly",
            "module.eks.module.eks.aws_iam_role_policy_attachment.workers_AmazonEKSWorkerNodePolicy",
            "module.eks.module.eks.aws_iam_role_policy_attachment.workers_AmazonEKS_CNI_Policy",
            "module.eks.module.eks.aws_security_group.cluster",
            "module.eks.module.eks.aws_security_group.workers",
            "module.eks.module.eks.aws_security_group_rule.cluster_egress_internet",
            "module.eks.module.eks.aws_security_group_rule.cluster_https_worker_ingress",
            "module.eks.module.eks.aws_security_group_rule.cluster_private_access_cidrs_source",
            "module.eks.module.eks.aws_security_group_rule.cluster_private_access_sg_source",
            "module.eks.module.eks.data.aws_ami.eks_worker",
            "module.eks.module.eks.data.aws_ami.eks_worker_windows",
            "module.eks.module.eks.data.aws_caller_identity.current",
            "module.eks.module.eks.data.aws_iam_instance_profile.custom_worker_group_iam_instance_profile",
            "module.eks.module.eks.data.aws_iam_instance_profile.custom_worker_group_launch_template_iam_instance_profile",
            "module.eks.module.eks.data.aws_iam_policy_document.cluster_assume_role_policy",
            "module.eks.module.eks.data.aws_iam_policy_document.workers_assume_role_policy",
            "module.eks.module.eks.data.aws_iam_role.custom_cluster_iam_role",
            "module.eks.module.eks.data.aws_partition.current",
            "module.eks.module.eks.data.http.wait_for_cluster",
            "module.eks.module.eks.module.fargate.aws_iam_role.eks_fargate_pod",
            "module.eks.module.eks.module.fargate.data.aws_iam_role.custom_fargate_iam_role",
            "module.eks.module.vpc.aws_subnet.private",
            "module.eks.module.vpc.aws_vpc.this",
            "module.eks.module.vpc.aws_vpc_ipv4_cidr_block_association.this",
            "module.eks.random_string.suffix"
          ]
        }
      ]
    },
    {
      "module": "module.eks.module.eks",
      "mode": "managed",
      "type": "local_file",
      "name": "kubeconfig",
      "provider": "provider[\"registry.terraform.io/hashicorp/local\"]",
      "instances": [
        {
          "index_key": 0,
          "schema_version": 0,
          "attributes": {
            "content": "apiVersion: v1\npreferences: {}\nkind: Config\n\nclusters:\n- cluster:\n    server: https://7289CB65A9D5B6F007F715B601EC826E.gr7.us-east-1.eks.amazonaws.com\n    certificate-authority-data: LS0tLS1CRUdJTiBDRVJUSUZJQ0FURS0tLS0tCk1JSUMvakNDQWVhZ0F3SUJBZ0lCQURBTkJna3Foa2lHOXcwQkFRc0ZBREFWTVJNd0VRWURWUVFERXdwcmRXSmwKY201bGRHVnpNQjRYRFRJek1EWXdNVEl5TkRRME1Wb1hEVE16TURVeU9USXlORFEwTVZvd0ZURVRNQkVHQTFVRQpBeE1LYTNWaVpYSnVaWFJsY3pDQ0FTSXdEUVlKS29aSWh2Y05BUUVCQlFBRGdnRVBBRENDQVFvQ2dnRUJBUEU1Ckl5QVd2eC9CUkdJSXVJbVB6c0UxdzJQcGVyblJ1UytkNWlWU2xyTGJOU0crYnl0N0JUdHVFeW5yWU14bjZCTnkKM3JmZlQ2MDNraFNIT3hkTU9VNk1jNWZ1TGpoT3Y1NU51enp6dHljUXVxMnlFL1VRSmp2SHl5VlF5Q3JEZm1hMgpkYnJuNVZiUUVWSHlTdWtwQ2VmSjJkYW8wSFpMNkxjZk1UbzhobEhGVzhXTW5GRGgvMTB4d2Q4SUZjWldqcWU0CjVtZjZXQWVZdkt4bitQNDl1UWNFUGp6c29JTXcvWkpKMjF0ZGlYdkI1Sys2MXoydjJWRzJSa010UTRsVXZya0oKQUZYWUFyOXZqSE1ZK1pJaEk5K2dOSFliRFJlT1VmcE5kT2RDMFZ5Qml3N3FSY0ZJQkdJTXV4UFVLb2VEbFFYRAo3QUt5ZkNVakJKdjBLc0c2dmVVQ0F3RUFBYU5aTUZjd0RnWURWUjBQQVFIL0JBUURBZ0trTUE4R0ExVWRFd0VCCi93UUZNQU1CQWY4d0hRWURWUjBPQkJZRUZMdUpIcDI2WDBoMVNuY3FPb3NrWGhkWkxncVVNQlVHQTFVZEVRUU8KTUF5Q0NtdDFZbVZ5Ym1WMFpYTXdEUVlKS29aSWh2Y05BUUVMQlFBRGdnRUJBRmdXdStxWHVPbGxXZnJxVDR5VwovNmRITUgrYUVlVzYyVHllc3IvODlhZ3NJbTE4MktZb0x6NWRmUHhoU3RkVzN3TmxWTmxRSkcwaitXckgrSExtCkcrRWpIdElBSWpMdExkZ0haLy9JQlR4QkZCNnNrU0p2UE54WWdsYWx2YVpwaGtLYkVZb2d2S3lVNUNyeGx2ZHcKK2dYUkNSV0piSmM3QnU1cklTalNUK3ZzNjQ5UlNuR3RZeVo5UGRySGlabS9tYStRMjhkTWYxZXJ1SzNkU2t6MAp2WVlCcE4rd29qZExERXhqQ2E3Z041NFdYYks5UTY1MTNaenBXb1JBYzJLQ0RzU1AwOEp5aFJXRnFqR3o0cTQ3CjhQaTVkKzhJUC95UGtMWW0vM0UzdWt3Ukg1bFVXYzFSMllPcXJBTFJQYmxpTnpSLzJNTGxIdUhOeTIxZTU4TXIKWHl3PQotLS0tLUVORCBDRVJUSUZJQ0FURS0tLS0tCg==\n  name: eks_test-eks-cluster-AdTJBHpL\n\ncontexts:\n- context:\n    cluster: eks_test-eks-cluster-AdTJBHpL\n    user: eks_test-eks-cluster-AdTJBHpL\n  name: eks_test-eks-cluster-AdTJBHpL\n\ncurrent-context: eks_test-eks-cluster-AdTJBHpL\n\nusers:\n- name: eks_test-eks-cluster-AdTJBHpL\n  user:\n    exec:\n      apiVersion: client.authentication.k8s.io/v1alpha1\n      command: aws-iam-authenticator\n      args:\n        - \"token\"\n        - \"-i\"\n        - \"test-eks-cluster-AdTJBHpL\"\n",
            "content_base64": null,
            "directory_permission": "0755",
            "file_permission": "0600",
            "filename": "./kubeconfig_test-eks-cluster-AdTJBHpL",
            "id": "b522d7cf2c3209a9886758807c68b03bacd94003",
            "sensitive_content": null,
            "source": null
          },
          "sensitive_attributes": [],
          "private": "bnVsbA==",
          "dependencies": [
            "module.eks.data.aws_availability_zones.available",
            "module.eks.module.eks.aws_cloudwatch_log_group.this",
            "module.eks.module.eks.aws_eks_cluster.this",
            "module.eks.module.eks.aws_iam_role.cluster",
            "module.eks.module.eks.aws_iam_role_policy_attachment.cluster_AmazonEKSClusterPolicy",
            "module.eks.module.eks.aws_iam_role_policy_attachment.cluster_AmazonEKSServicePolicy",
            "module.eks.module.eks.aws_iam_role_policy_attachment.cluster_AmazonEKSVPCResourceControllerPolicy",
            "module.eks.module.eks.aws_security_group.cluster",
            "module.eks.module.eks.aws_security_group.workers",
            "module.eks.module.eks.aws_security_group_rule.cluster_egress_internet",
            "module.eks.module.eks.aws_security_group_rule.cluster_https_worker_ingress",
            "module.eks.module.eks.data.aws_iam_policy_document.cluster_assume_role_policy",
            "module.eks.module.eks.data.aws_iam_role.custom_cluster_iam_role",
            "module.eks.module.eks.data.aws_partition.current",
            "module.eks.module.vpc.aws_subnet.private",
            "module.eks.module.vpc.aws_vpc.this",
            "module.eks.module.vpc.aws_vpc_ipv4_cidr_block_association.this",
            "module.eks.random_string.suffix"
          ]
        }
      ]
    },
    {
      "module": "module.eks.module.eks.module.fargate",
      "mode": "data",
      "type": "aws_partition",
      "name": "current",
      "provider": "module.eks.provider[\"registry.terraform.io/hashicorp/aws\"]",
      "instances": [
        {
          "schema_version": 0,
          "attributes": {
            "dns_suffix": "amazonaws.com",
            "id": "aws",
            "partition": "aws",
            "reverse_dns_prefix": "com.amazonaws"
          },
          "sensitive_attributes": []
        }
      ]
    },
    {
      "module": "module.eks.module.vpc",
      "mode": "managed",
      "type": "aws_eip",
      "name": "nat",
      "provider": "module.eks.provider[\"registry.terraform.io/hashicorp/aws\"]",
      "instances": [
        {
          "index_key": 0,
          "schema_version": 0,
          "attributes": {
            "address": null,
            "allocation_id": "eipalloc-08e5444d9755ee4fe",
            "associate_with_private_ip": null,
            "association_id": "",
            "carrier_ip": "",
            "customer_owned_ip": "",
            "customer_owned_ipv4_pool": "",
            "domain": "vpc",
            "id": "eipalloc-08e5444d9755ee4fe",
            "instance": "",
            "network_border_group": "us-east-1",
            "network_interface": "",
            "private_dns": null,
            "private_ip": "",
            "public_dns": "ec2-3-223-157-136.compute-1.amazonaws.com",
            "public_ip": "3.223.157.136",
            "public_ipv4_pool": "amazon",
            "tags": {
              "Name": "test-vpc-us-east-1a",
              "kubernetes.io/cluster/test-eks-cluster-AdTJBHpL": "shared"
            },
            "tags_all": {
              "Name": "test-vpc-us-east-1a",
              "kubernetes.io/cluster/test-eks-cluster-AdTJBHpL": "shared"
            },
            "timeouts": null,
            "vpc": true
          },
          "sensitive_attributes": [],
          "private": "eyJlMmJmYjczMC1lY2FhLTExZTYtOGY4OC0zNDM2M2JjN2M0YzAiOnsiZGVsZXRlIjoxODAwMDAwMDAwMDAsInJlYWQiOjkwMDAwMDAwMDAwMCwidXBkYXRlIjozMDAwMDAwMDAwMDB9fQ==",
          "dependencies": [
            "module.eks.data.aws_availability_zones.available",
            "module.eks.random_string.suffix"
          ]
        }
      ]
    },
    {
      "module": "module.eks.module.vpc",
      "mode": "managed",
      "type": "aws_internet_gateway",
      "name": "this",
      "provider": "module.eks.provider[\"registry.terraform.io/hashicorp/aws\"]",
      "instances": [
        {
          "index_key": 0,
          "schema_version": 0,
          "attributes": {
            "arn": "arn:aws:ec2:us-east-1:865818553131:internet-gateway/igw-0628070688dded211",
            "id": "igw-0628070688dded211",
            "owner_id": "865818553131",
            "tags": {
              "Name": "test-vpc",
              "kubernetes.io/cluster/test-eks-cluster-AdTJBHpL": "shared"
            },
            "tags_all": {
              "Name": "test-vpc",
              "kubernetes.io/cluster/test-eks-cluster-AdTJBHpL": "shared"
            },
            "timeouts": null,
            "vpc_id": "vpc-096cf5455429b245b"
          },
          "sensitive_attributes": [],
          "private": "eyJlMmJmYjczMC1lY2FhLTExZTYtOGY4OC0zNDM2M2JjN2M0YzAiOnsiY3JlYXRlIjoxMjAwMDAwMDAwMDAwLCJkZWxldGUiOjEyMDAwMDAwMDAwMDAsInVwZGF0ZSI6MTIwMDAwMDAwMDAwMH19",
          "dependencies": [
            "module.eks.module.vpc.aws_vpc.this",
            "module.eks.module.vpc.aws_vpc_ipv4_cidr_block_association.this",
            "module.eks.random_string.suffix"
          ]
        }
      ]
    },
    {
      "module": "module.eks.module.vpc",
      "mode": "managed",
      "type": "aws_nat_gateway",
      "name": "this",
      "provider": "module.eks.provider[\"registry.terraform.io/hashicorp/aws\"]",
      "instances": [
        {
          "index_key": 0,
          "schema_version": 0,
          "attributes": {
            "allocation_id": "eipalloc-08e5444d9755ee4fe",
            "connectivity_type": "public",
            "id": "nat-08358b7a54e87ea03",
            "network_interface_id": "eni-070b974b03a948236",
            "private_ip": "10.0.4.163",
            "public_ip": "3.223.157.136",
            "subnet_id": "subnet-04df24be38eba2b48",
            "tags": {
              "Name": "test-vpc-us-east-1a",
              "kubernetes.io/cluster/test-eks-cluster-AdTJBHpL": "shared"
            },
            "tags_all": {
              "Name": "test-vpc-us-east-1a",
              "kubernetes.io/cluster/test-eks-cluster-AdTJBHpL": "shared"
            }
          },
          "sensitive_attributes": [],
          "private": "bnVsbA==",
          "dependencies": [
            "module.eks.data.aws_availability_zones.available",
            "module.eks.module.vpc.aws_eip.nat",
            "module.eks.module.vpc.aws_internet_gateway.this",
            "module.eks.module.vpc.aws_subnet.public",
            "module.eks.module.vpc.aws_vpc.this",
            "module.eks.module.vpc.aws_vpc_ipv4_cidr_block_association.this",
            "module.eks.random_string.suffix"
          ]
        }
      ]
    },
    {
      "module": "module.eks.module.vpc",
      "mode": "managed",
      "type": "aws_route",
      "name": "private_nat_gateway",
      "provider": "module.eks.provider[\"registry.terraform.io/hashicorp/aws\"]",
      "instances": [
        {
          "index_key": 0,
          "schema_version": 0,
          "attributes": {
            "carrier_gateway_id": "",
            "core_network_arn": "",
            "destination_cidr_block": "0.0.0.0/0",
            "destination_ipv6_cidr_block": "",
            "destination_prefix_list_id": "",
            "egress_only_gateway_id": "",
            "gateway_id": "",
            "id": "r-rtb-0166faca56f73ddd71080289494",
            "instance_id": "",
            "instance_owner_id": "",
            "local_gateway_id": "",
            "nat_gateway_id": "nat-08358b7a54e87ea03",
            "network_interface_id": "",
            "origin": "CreateRoute",
            "route_table_id": "rtb-0166faca56f73ddd7",
            "state": "active",
            "timeouts": {
              "create": "5m",
              "delete": null,
              "update": null
            },
            "transit_gateway_id": "",
            "vpc_endpoint_id": "",
            "vpc_peering_connection_id": ""
          },
          "sensitive_attributes": [],
          "private": "eyJlMmJmYjczMC1lY2FhLTExZTYtOGY4OC0zNDM2M2JjN2M0YzAiOnsiY3JlYXRlIjozMDAwMDAwMDAwMDAsImRlbGV0ZSI6MzAwMDAwMDAwMDAwLCJ1cGRhdGUiOjEyMDAwMDAwMDAwMH19",
          "dependencies": [
            "module.eks.data.aws_availability_zones.available",
            "module.eks.module.vpc.aws_eip.nat",
            "module.eks.module.vpc.aws_internet_gateway.this",
            "module.eks.module.vpc.aws_nat_gateway.this",
            "module.eks.module.vpc.aws_route_table.private",
            "module.eks.module.vpc.aws_subnet.public",
            "module.eks.module.vpc.aws_vpc.this",
            "module.eks.module.vpc.aws_vpc_ipv4_cidr_block_association.this",
            "module.eks.random_string.suffix"
          ]
        }
      ]
    },
    {
      "module": "module.eks.module.vpc",
      "mode": "managed",
      "type": "aws_route",
      "name": "public_internet_gateway",
      "provider": "module.eks.provider[\"registry.terraform.io/hashicorp/aws\"]",
      "instances": [
        {
          "index_key": 0,
          "schema_version": 0,
          "attributes": {
            "carrier_gateway_id": "",
            "core_network_arn": "",
            "destination_cidr_block": "0.0.0.0/0",
            "destination_ipv6_cidr_block": "",
            "destination_prefix_list_id": "",
            "egress_only_gateway_id": "",
            "gateway_id": "igw-0628070688dded211",
            "id": "r-rtb-070368e6afc35bba71080289494",
            "instance_id": "",
            "instance_owner_id": "",
            "local_gateway_id": "",
            "nat_gateway_id": "",
            "network_interface_id": "",
            "origin": "CreateRoute",
            "route_table_id": "rtb-070368e6afc35bba7",
            "state": "active",
            "timeouts": {
              "create": "5m",
              "delete": null,
              "update": null
            },
            "transit_gateway_id": "",
            "vpc_endpoint_id": "",
            "vpc_peering_connection_id": ""
          },
          "sensitive_attributes": [],
          "private": "eyJlMmJmYjczMC1lY2FhLTExZTYtOGY4OC0zNDM2M2JjN2M0YzAiOnsiY3JlYXRlIjozMDAwMDAwMDAwMDAsImRlbGV0ZSI6MzAwMDAwMDAwMDAwLCJ1cGRhdGUiOjEyMDAwMDAwMDAwMH19",
          "dependencies": [
            "module.eks.module.vpc.aws_internet_gateway.this",
            "module.eks.module.vpc.aws_route_table.public",
            "module.eks.module.vpc.aws_vpc.this",
            "module.eks.module.vpc.aws_vpc_ipv4_cidr_block_association.this",
            "module.eks.random_string.suffix"
          ]
        }
      ]
    },
    {
      "module": "module.eks.module.vpc",
      "mode": "managed",
      "type": "aws_route_table",
      "name": "private",
      "provider": "module.eks.provider[\"registry.terraform.io/hashicorp/aws\"]",
      "instances": [
        {
          "index_key": 0,
          "schema_version": 0,
          "attributes": {
            "arn": "arn:aws:ec2:us-east-1:865818553131:route-table/rtb-0166faca56f73ddd7",
            "id": "rtb-0166faca56f73ddd7",
            "owner_id": "865818553131",
            "propagating_vgws": [],
            "route": [],
            "tags": {
              "Name": "test-vpc-private",
              "kubernetes.io/cluster/test-eks-cluster-AdTJBHpL": "shared"
            },
            "tags_all": {
              "Name": "test-vpc-private",
              "kubernetes.io/cluster/test-eks-cluster-AdTJBHpL": "shared"
            },
            "timeouts": null,
            "vpc_id": "vpc-096cf5455429b245b"
          },
          "sensitive_attributes": [],
          "private": "eyJlMmJmYjczMC1lY2FhLTExZTYtOGY4OC0zNDM2M2JjN2M0YzAiOnsiY3JlYXRlIjozMDAwMDAwMDAwMDAsImRlbGV0ZSI6MzAwMDAwMDAwMDAwLCJ1cGRhdGUiOjEyMDAwMDAwMDAwMH19",
          "dependencies": [
            "module.eks.data.aws_availability_zones.available",
            "module.eks.module.vpc.aws_vpc.this",
            "module.eks.module.vpc.aws_vpc_ipv4_cidr_block_association.this",
            "module.eks.random_string.suffix"
          ]
        }
      ]
    },
    {
      "module": "module.eks.module.vpc",
      "mode": "managed",
      "type": "aws_route_table",
      "name": "public",
      "provider": "module.eks.provider[\"registry.terraform.io/hashicorp/aws\"]",
      "instances": [
        {
          "index_key": 0,
          "schema_version": 0,
          "attributes": {
            "arn": "arn:aws:ec2:us-east-1:865818553131:route-table/rtb-070368e6afc35bba7",
            "id": "rtb-070368e6afc35bba7",
            "owner_id": "865818553131",
            "propagating_vgws": [],
            "route": [],
            "tags": {
              "Name": "test-vpc-public",
              "kubernetes.io/cluster/test-eks-cluster-AdTJBHpL": "shared"
            },
            "tags_all": {
              "Name": "test-vpc-public",
              "kubernetes.io/cluster/test-eks-cluster-AdTJBHpL": "shared"
            },
            "timeouts": null,
            "vpc_id": "vpc-096cf5455429b245b"
          },
          "sensitive_attributes": [],
          "private": "eyJlMmJmYjczMC1lY2FhLTExZTYtOGY4OC0zNDM2M2JjN2M0YzAiOnsiY3JlYXRlIjozMDAwMDAwMDAwMDAsImRlbGV0ZSI6MzAwMDAwMDAwMDAwLCJ1cGRhdGUiOjEyMDAwMDAwMDAwMH19",
          "dependencies": [
            "module.eks.module.vpc.aws_vpc.this",
            "module.eks.module.vpc.aws_vpc_ipv4_cidr_block_association.this",
            "module.eks.random_string.suffix"
          ]
        }
      ]
    },
    {
      "module": "module.eks.module.vpc",
      "mode": "managed",
      "type": "aws_route_table_association",
      "name": "private",
      "provider": "module.eks.provider[\"registry.terraform.io/hashicorp/aws\"]",
      "instances": [
        {
          "index_key": 0,
          "schema_version": 0,
          "attributes": {
            "gateway_id": "",
            "id": "rtbassoc-0bb5f8676e9cb7ac8",
            "route_table_id": "rtb-0166faca56f73ddd7",
            "subnet_id": "subnet-04af401e77793ae1a"
          },
          "sensitive_attributes": [],
          "private": "bnVsbA==",
          "dependencies": [
            "module.eks.data.aws_availability_zones.available",
            "module.eks.module.vpc.aws_route_table.private",
            "module.eks.module.vpc.aws_subnet.private",
            "module.eks.module.vpc.aws_vpc.this",
            "module.eks.module.vpc.aws_vpc_ipv4_cidr_block_association.this",
            "module.eks.random_string.suffix"
          ]
        },
        {
          "index_key": 1,
          "schema_version": 0,
          "attributes": {
            "gateway_id": "",
            "id": "rtbassoc-02dee3a26bcf0c94e",
            "route_table_id": "rtb-0166faca56f73ddd7",
            "subnet_id": "subnet-0a9267a5aea0d8ae0"
          },
          "sensitive_attributes": [],
          "private": "bnVsbA==",
          "dependencies": [
            "module.eks.data.aws_availability_zones.available",
            "module.eks.module.vpc.aws_route_table.private",
            "module.eks.module.vpc.aws_subnet.private",
            "module.eks.module.vpc.aws_vpc.this",
            "module.eks.module.vpc.aws_vpc_ipv4_cidr_block_association.this",
            "module.eks.random_string.suffix"
          ]
        },
        {
          "index_key": 2,
          "schema_version": 0,
          "attributes": {
            "gateway_id": "",
            "id": "rtbassoc-0f3a5c21c1010c872",
            "route_table_id": "rtb-0166faca56f73ddd7",
            "subnet_id": "subnet-049a603329655e618"
          },
          "sensitive_attributes": [],
          "private": "bnVsbA==",
          "dependencies": [
            "module.eks.data.aws_availability_zones.available",
            "module.eks.module.vpc.aws_route_table.private",
            "module.eks.module.vpc.aws_subnet.private",
            "module.eks.module.vpc.aws_vpc.this",
            "module.eks.module.vpc.aws_vpc_ipv4_cidr_block_association.this",
            "module.eks.random_string.suffix"
          ]
        }
      ]
    },
    {
      "module": "module.eks.module.vpc",
      "mode": "managed",
      "type": "aws_route_table_association",
      "name": "public",
      "provider": "module.eks.provider[\"registry.terraform.io/hashicorp/aws\"]",
      "instances": [
        {
          "index_key": 0,
          "schema_version": 0,
          "attributes": {
            "gateway_id": "",
            "id": "rtbassoc-0e2f7b653bcee5a17",
            "route_table_id": "rtb-070368e6afc35bba7",
            "subnet_id": "subnet-04df24be38eba2b48"
          },
          "sensitive_attributes": [],
          "private": "bnVsbA==",
          "dependencies": [
            "module.eks.data.aws_availability_zones.available",
            "module.eks.module.vpc.aws_route_table.public",
            "module.eks.module.vpc.aws_subnet.public",
            "module.eks.module.vpc.aws_vpc.this",
            "module.eks.module.vpc.aws_vpc_ipv4_cidr_block_association.this",
            "module.eks.random_string.suffix"
          ]
        },
        {
          "index_key": 1,
          "schema_version": 0,
          "attributes": {
            "gateway_id": "",
            "id": "rtbassoc-04d80625e53c5e172",
            "route_table_id": "rtb-070368e6afc35bba7",
            "subnet_id": "subnet-02e97965c58e13732"
          },
          "sensitive_attributes": [],
          "private": "bnVsbA==",
          "dependencies": [
            "module.eks.data.aws_availability_zones.available",
            "module.eks.module.vpc.aws_route_table.public",
            "module.eks.module.vpc.aws_subnet.public",
            "module.eks.module.vpc.aws_vpc.this",
            "module.eks.module.vpc.aws_vpc_ipv4_cidr_block_association.this",
            "module.eks.random_string.suffix"
          ]
        },
        {
          "index_key": 2,
          "schema_version": 0,
          "attributes": {
            "gateway_id": "",
            "id": "rtbassoc-0bad85850626a6750",
            "route_table_id": "rtb-070368e6afc35bba7",
            "subnet_id": "subnet-0fee9c83998d80c5a"
          },
          "sensitive_attributes": [],
          "private": "bnVsbA==",
          "dependencies": [
            "module.eks.data.aws_availability_zones.available",
            "module.eks.module.vpc.aws_route_table.public",
            "module.eks.module.vpc.aws_subnet.public",
            "module.eks.module.vpc.aws_vpc.this",
            "module.eks.module.vpc.aws_vpc_ipv4_cidr_block_association.this",
            "module.eks.random_string.suffix"
          ]
        }
      ]
    },
    {
      "module": "module.eks.module.vpc",
      "mode": "managed",
      "type": "aws_subnet",
      "name": "private",
      "provider": "module.eks.provider[\"registry.terraform.io/hashicorp/aws\"]",
      "instances": [
        {
          "index_key": 0,
          "schema_version": 1,
          "attributes": {
            "arn": "arn:aws:ec2:us-east-1:865818553131:subnet/subnet-04af401e77793ae1a",
            "assign_ipv6_address_on_creation": false,
            "availability_zone": "us-east-1a",
            "availability_zone_id": "use1-az4",
            "cidr_block": "10.0.1.0/24",
            "customer_owned_ipv4_pool": "",
            "enable_dns64": false,
            "enable_resource_name_dns_a_record_on_launch": false,
            "enable_resource_name_dns_aaaa_record_on_launch": false,
            "id": "subnet-04af401e77793ae1a",
            "ipv6_cidr_block": "",
            "ipv6_cidr_block_association_id": "",
            "ipv6_native": false,
            "map_customer_owned_ip_on_launch": false,
            "map_public_ip_on_launch": false,
            "outpost_arn": "",
            "owner_id": "865818553131",
            "private_dns_hostname_type_on_launch": "ip-name",
            "tags": {
              "Name": "test-vpc-private-us-east-1a",
              "kubernetes.io/cluster/test-eks-cluster-AdTJBHpL": "shared",
              "kubernetes.io/role/internal-elb": "1"
            },
            "tags_all": {
              "Name": "test-vpc-private-us-east-1a",
              "kubernetes.io/cluster/test-eks-cluster-AdTJBHpL": "shared",
              "kubernetes.io/role/internal-elb": "1"
            },
            "timeouts": null,
            "vpc_id": "vpc-096cf5455429b245b"
          },
          "sensitive_attributes": [],
          "private": "eyJlMmJmYjczMC1lY2FhLTExZTYtOGY4OC0zNDM2M2JjN2M0YzAiOnsiY3JlYXRlIjo2MDAwMDAwMDAwMDAsImRlbGV0ZSI6MTIwMDAwMDAwMDAwMH0sInNjaGVtYV92ZXJzaW9uIjoiMSJ9",
          "dependencies": [
            "module.eks.data.aws_availability_zones.available",
            "module.eks.module.vpc.aws_vpc.this",
            "module.eks.module.vpc.aws_vpc_ipv4_cidr_block_association.this",
            "module.eks.random_string.suffix"
          ],
          "create_before_destroy": true
        },
        {
          "index_key": 1,
          "schema_version": 1,
          "attributes": {
            "arn": "arn:aws:ec2:us-east-1:865818553131:subnet/subnet-0a9267a5aea0d8ae0",
            "assign_ipv6_address_on_creation": false,
            "availability_zone": "us-east-1b",
            "availability_zone_id": "use1-az6",
            "cidr_block": "10.0.2.0/24",
            "customer_owned_ipv4_pool": "",
            "enable_dns64": false,
            "enable_resource_name_dns_a_record_on_launch": false,
            "enable_resource_name_dns_aaaa_record_on_launch": false,
            "id": "subnet-0a9267a5aea0d8ae0",
            "ipv6_cidr_block": "",
            "ipv6_cidr_block_association_id": "",
            "ipv6_native": false,
            "map_customer_owned_ip_on_launch": false,
            "map_public_ip_on_launch": false,
            "outpost_arn": "",
            "owner_id": "865818553131",
            "private_dns_hostname_type_on_launch": "ip-name",
            "tags": {
              "Name": "test-vpc-private-us-east-1b",
              "kubernetes.io/cluster/test-eks-cluster-AdTJBHpL": "shared",
              "kubernetes.io/role/internal-elb": "1"
            },
            "tags_all": {
              "Name": "test-vpc-private-us-east-1b",
              "kubernetes.io/cluster/test-eks-cluster-AdTJBHpL": "shared",
              "kubernetes.io/role/internal-elb": "1"
            },
            "timeouts": null,
            "vpc_id": "vpc-096cf5455429b245b"
          },
          "sensitive_attributes": [],
          "private": "eyJlMmJmYjczMC1lY2FhLTExZTYtOGY4OC0zNDM2M2JjN2M0YzAiOnsiY3JlYXRlIjo2MDAwMDAwMDAwMDAsImRlbGV0ZSI6MTIwMDAwMDAwMDAwMH0sInNjaGVtYV92ZXJzaW9uIjoiMSJ9",
          "dependencies": [
            "module.eks.data.aws_availability_zones.available",
            "module.eks.module.vpc.aws_vpc.this",
            "module.eks.module.vpc.aws_vpc_ipv4_cidr_block_association.this",
            "module.eks.random_string.suffix"
          ],
          "create_before_destroy": true
        },
        {
          "index_key": 2,
          "schema_version": 1,
          "attributes": {
            "arn": "arn:aws:ec2:us-east-1:865818553131:subnet/subnet-049a603329655e618",
            "assign_ipv6_address_on_creation": false,
            "availability_zone": "us-east-1c",
            "availability_zone_id": "use1-az1",
            "cidr_block": "10.0.3.0/24",
            "customer_owned_ipv4_pool": "",
            "enable_dns64": false,
            "enable_resource_name_dns_a_record_on_launch": false,
            "enable_resource_name_dns_aaaa_record_on_launch": false,
            "id": "subnet-049a603329655e618",
            "ipv6_cidr_block": "",
            "ipv6_cidr_block_association_id": "",
            "ipv6_native": false,
            "map_customer_owned_ip_on_launch": false,
            "map_public_ip_on_launch": false,
            "outpost_arn": "",
            "owner_id": "865818553131",
            "private_dns_hostname_type_on_launch": "ip-name",
            "tags": {
              "Name": "test-vpc-private-us-east-1c",
              "kubernetes.io/cluster/test-eks-cluster-AdTJBHpL": "shared",
              "kubernetes.io/role/internal-elb": "1"
            },
            "tags_all": {
              "Name": "test-vpc-private-us-east-1c",
              "kubernetes.io/cluster/test-eks-cluster-AdTJBHpL": "shared",
              "kubernetes.io/role/internal-elb": "1"
            },
            "timeouts": null,
            "vpc_id": "vpc-096cf5455429b245b"
          },
          "sensitive_attributes": [],
          "private": "eyJlMmJmYjczMC1lY2FhLTExZTYtOGY4OC0zNDM2M2JjN2M0YzAiOnsiY3JlYXRlIjo2MDAwMDAwMDAwMDAsImRlbGV0ZSI6MTIwMDAwMDAwMDAwMH0sInNjaGVtYV92ZXJzaW9uIjoiMSJ9",
          "dependencies": [
            "module.eks.data.aws_availability_zones.available",
            "module.eks.module.vpc.aws_vpc.this",
            "module.eks.module.vpc.aws_vpc_ipv4_cidr_block_association.this",
            "module.eks.random_string.suffix"
          ],
          "create_before_destroy": true
        }
      ]
    },
    {
      "module": "module.eks.module.vpc",
      "mode": "managed",
      "type": "aws_subnet",
      "name": "public",
      "provider": "module.eks.provider[\"registry.terraform.io/hashicorp/aws\"]",
      "instances": [
        {
          "index_key": 0,
          "schema_version": 1,
          "attributes": {
            "arn": "arn:aws:ec2:us-east-1:865818553131:subnet/subnet-04df24be38eba2b48",
            "assign_ipv6_address_on_creation": false,
            "availability_zone": "us-east-1a",
            "availability_zone_id": "use1-az4",
            "cidr_block": "10.0.4.0/24",
            "customer_owned_ipv4_pool": "",
            "enable_dns64": false,
            "enable_resource_name_dns_a_record_on_launch": false,
            "enable_resource_name_dns_aaaa_record_on_launch": false,
            "id": "subnet-04df24be38eba2b48",
            "ipv6_cidr_block": "",
            "ipv6_cidr_block_association_id": "",
            "ipv6_native": false,
            "map_customer_owned_ip_on_launch": false,
            "map_public_ip_on_launch": true,
            "outpost_arn": "",
            "owner_id": "865818553131",
            "private_dns_hostname_type_on_launch": "ip-name",
            "tags": {
              "Name": "test-vpc-public-us-east-1a",
              "kubernetes.io/cluster/test-eks-cluster-AdTJBHpL": "shared",
              "kubernetes.io/role/elb": "1"
            },
            "tags_all": {
              "Name": "test-vpc-public-us-east-1a",
              "kubernetes.io/cluster/test-eks-cluster-AdTJBHpL": "shared",
              "kubernetes.io/role/elb": "1"
            },
            "timeouts": null,
            "vpc_id": "vpc-096cf5455429b245b"
          },
          "sensitive_attributes": [],
          "private": "eyJlMmJmYjczMC1lY2FhLTExZTYtOGY4OC0zNDM2M2JjN2M0YzAiOnsiY3JlYXRlIjo2MDAwMDAwMDAwMDAsImRlbGV0ZSI6MTIwMDAwMDAwMDAwMH0sInNjaGVtYV92ZXJzaW9uIjoiMSJ9",
          "dependencies": [
            "module.eks.data.aws_availability_zones.available",
            "module.eks.module.vpc.aws_vpc.this",
            "module.eks.module.vpc.aws_vpc_ipv4_cidr_block_association.this",
            "module.eks.random_string.suffix"
          ]
        },
        {
          "index_key": 1,
          "schema_version": 1,
          "attributes": {
            "arn": "arn:aws:ec2:us-east-1:865818553131:subnet/subnet-02e97965c58e13732",
            "assign_ipv6_address_on_creation": false,
            "availability_zone": "us-east-1b",
            "availability_zone_id": "use1-az6",
            "cidr_block": "10.0.5.0/24",
            "customer_owned_ipv4_pool": "",
            "enable_dns64": false,
            "enable_resource_name_dns_a_record_on_launch": false,
            "enable_resource_name_dns_aaaa_record_on_launch": false,
            "id": "subnet-02e97965c58e13732",
            "ipv6_cidr_block": "",
            "ipv6_cidr_block_association_id": "",
            "ipv6_native": false,
            "map_customer_owned_ip_on_launch": false,
            "map_public_ip_on_launch": true,
            "outpost_arn": "",
            "owner_id": "865818553131",
            "private_dns_hostname_type_on_launch": "ip-name",
            "tags": {
              "Name": "test-vpc-public-us-east-1b",
              "kubernetes.io/cluster/test-eks-cluster-AdTJBHpL": "shared",
              "kubernetes.io/role/elb": "1"
            },
            "tags_all": {
              "Name": "test-vpc-public-us-east-1b",
              "kubernetes.io/cluster/test-eks-cluster-AdTJBHpL": "shared",
              "kubernetes.io/role/elb": "1"
            },
            "timeouts": null,
            "vpc_id": "vpc-096cf5455429b245b"
          },
          "sensitive_attributes": [],
          "private": "eyJlMmJmYjczMC1lY2FhLTExZTYtOGY4OC0zNDM2M2JjN2M0YzAiOnsiY3JlYXRlIjo2MDAwMDAwMDAwMDAsImRlbGV0ZSI6MTIwMDAwMDAwMDAwMH0sInNjaGVtYV92ZXJzaW9uIjoiMSJ9",
          "dependencies": [
            "module.eks.data.aws_availability_zones.available",
            "module.eks.module.vpc.aws_vpc.this",
            "module.eks.module.vpc.aws_vpc_ipv4_cidr_block_association.this",
            "module.eks.random_string.suffix"
          ]
        },
        {
          "index_key": 2,
          "schema_version": 1,
          "attributes": {
            "arn": "arn:aws:ec2:us-east-1:865818553131:subnet/subnet-0fee9c83998d80c5a",
            "assign_ipv6_address_on_creation": false,
            "availability_zone": "us-east-1c",
            "availability_zone_id": "use1-az1",
            "cidr_block": "10.0.6.0/24",
            "customer_owned_ipv4_pool": "",
            "enable_dns64": false,
            "enable_resource_name_dns_a_record_on_launch": false,
            "enable_resource_name_dns_aaaa_record_on_launch": false,
            "id": "subnet-0fee9c83998d80c5a",
            "ipv6_cidr_block": "",
            "ipv6_cidr_block_association_id": "",
            "ipv6_native": false,
            "map_customer_owned_ip_on_launch": false,
            "map_public_ip_on_launch": true,
            "outpost_arn": "",
            "owner_id": "865818553131",
            "private_dns_hostname_type_on_launch": "ip-name",
            "tags": {
              "Name": "test-vpc-public-us-east-1c",
              "kubernetes.io/cluster/test-eks-cluster-AdTJBHpL": "shared",
              "kubernetes.io/role/elb": "1"
            },
            "tags_all": {
              "Name": "test-vpc-public-us-east-1c",
              "kubernetes.io/cluster/test-eks-cluster-AdTJBHpL": "shared",
              "kubernetes.io/role/elb": "1"
            },
            "timeouts": null,
            "vpc_id": "vpc-096cf5455429b245b"
          },
          "sensitive_attributes": [],
          "private": "eyJlMmJmYjczMC1lY2FhLTExZTYtOGY4OC0zNDM2M2JjN2M0YzAiOnsiY3JlYXRlIjo2MDAwMDAwMDAwMDAsImRlbGV0ZSI6MTIwMDAwMDAwMDAwMH0sInNjaGVtYV92ZXJzaW9uIjoiMSJ9",
          "dependencies": [
            "module.eks.data.aws_availability_zones.available",
            "module.eks.module.vpc.aws_vpc.this",
            "module.eks.module.vpc.aws_vpc_ipv4_cidr_block_association.this",
            "module.eks.random_string.suffix"
          ]
        }
      ]
    },
    {
      "module": "module.eks.module.vpc",
      "mode": "managed",
      "type": "aws_vpc",
      "name": "this",
      "provider": "module.eks.provider[\"registry.terraform.io/hashicorp/aws\"]",
      "instances": [
        {
          "index_key": 0,
          "schema_version": 1,
          "attributes": {
            "arn": "arn:aws:ec2:us-east-1:865818553131:vpc/vpc-096cf5455429b245b",
            "assign_generated_ipv6_cidr_block": false,
            "cidr_block": "10.0.0.0/16",
            "default_network_acl_id": "acl-02733976e58ee049e",
            "default_route_table_id": "rtb-08c85c11fa5e6820f",
            "default_security_group_id": "sg-02ec9cd63999af4b6",
            "dhcp_options_id": "dopt-0c007ecf30257d0c7",
            "enable_classiclink": false,
            "enable_classiclink_dns_support": false,
            "enable_dns_hostnames": true,
            "enable_dns_support": true,
            "enable_network_address_usage_metrics": false,
            "id": "vpc-096cf5455429b245b",
            "instance_tenancy": "default",
            "ipv4_ipam_pool_id": null,
            "ipv4_netmask_length": null,
            "ipv6_association_id": "",
            "ipv6_cidr_block": "",
            "ipv6_cidr_block_network_border_group": "",
            "ipv6_ipam_pool_id": "",
            "ipv6_netmask_length": 0,
            "main_route_table_id": "rtb-08c85c11fa5e6820f",
            "owner_id": "865818553131",
            "tags": {
              "Name": "test-vpc",
              "kubernetes.io/cluster/test-eks-cluster-AdTJBHpL": "shared"
            },
            "tags_all": {
              "Name": "test-vpc",
              "kubernetes.io/cluster/test-eks-cluster-AdTJBHpL": "shared"
            }
          },
          "sensitive_attributes": [],
          "private": "eyJzY2hlbWFfdmVyc2lvbiI6IjEifQ==",
          "dependencies": [
            "module.eks.random_string.suffix"
          ],
          "create_before_destroy": true
        }
      ]
    },
    {
      "module": "module.jenkins",
      "mode": "managed",
      "type": "aws_instance",
      "name": "jenkins",
      "provider": "provider[\"registry.terraform.io/hashicorp/aws\"]",
      "instances": [
        {
          "schema_version": 1,
          "attributes": {
            "ami": "ami-0fa1de1d60de6a97e",
            "arn": "arn:aws:ec2:us-east-1:865818553131:instance/i-04e311c68c5133ac6",
            "associate_public_ip_address": true,
            "availability_zone": "us-east-1a",
            "capacity_reservation_specification": [
              {
                "capacity_reservation_preference": "open",
                "capacity_reservation_target": []
              }
            ],
            "cpu_core_count": 1,
            "cpu_threads_per_core": 1,
            "credit_specification": [
              {
                "cpu_credits": "standard"
              }
            ],
            "disable_api_stop": false,
            "disable_api_termination": false,
            "ebs_block_device": [],
            "ebs_optimized": false,
            "enclave_options": [
              {
                "enabled": false
              }
            ],
            "ephemeral_block_device": [],
            "get_password_data": false,
            "hibernation": false,
            "host_id": "",
            "host_resource_group_arn": null,
            "iam_instance_profile": "",
            "id": "i-04e311c68c5133ac6",
            "instance_initiated_shutdown_behavior": "stop",
            "instance_state": "running",
            "instance_type": "t2.micro",
            "ipv6_address_count": 0,
            "ipv6_addresses": [],
            "key_name": "jenkins_nexus",
            "launch_template": [],
            "maintenance_options": [
              {
                "auto_recovery": "default"
              }
            ],
            "metadata_options": [
              {
                "http_endpoint": "enabled",
                "http_put_response_hop_limit": 1,
                "http_tokens": "optional",
                "instance_metadata_tags": "disabled"
              }
            ],
            "monitoring": false,
            "network_interface": [],
            "outpost_arn": "",
            "password_data": "",
            "placement_group": "",
            "placement_partition_number": 0,
            "primary_network_interface_id": "eni-0ead2ab00049557e4",
            "private_dns": "ip-172-31-31-223.ec2.internal",
            "private_dns_name_options": [
              {
                "enable_resource_name_dns_a_record": false,
                "enable_resource_name_dns_aaaa_record": false,
                "hostname_type": "ip-name"
              }
            ],
            "private_ip": "172.31.31.223",
            "public_dns": "ec2-52-91-60-9.compute-1.amazonaws.com",
            "public_ip": "52.91.60.9",
            "root_block_device": [
              {
                "delete_on_termination": true,
                "device_name": "/dev/xvda",
                "encrypted": false,
                "iops": 100,
                "kms_key_id": "",
                "tags": {},
                "throughput": 0,
                "volume_id": "vol-0ced8d5fd812e88ea",
                "volume_size": 8,
                "volume_type": "gp2"
              }
            ],
            "secondary_private_ips": [],
            "security_groups": [
              "jenkins"
            ],
            "source_dest_check": true,
            "subnet_id": "subnet-0c33d07bf32823deb",
            "tags": {
              "Name": "Jenkins"
            },
            "tags_all": {
              "Name": "Jenkins"
            },
            "tenancy": "default",
            "timeouts": null,
            "user_data": null,
            "user_data_base64": null,
            "user_data_replace_on_change": false,
            "volume_tags": null,
            "vpc_security_group_ids": [
              "sg-0dac0469e73d91664"
            ]
          },
          "sensitive_attributes": [],
          "private": "eyJlMmJmYjczMC1lY2FhLTExZTYtOGY4OC0zNDM2M2JjN2M0YzAiOnsiY3JlYXRlIjo2MDAwMDAwMDAwMDAsImRlbGV0ZSI6MTIwMDAwMDAwMDAwMCwidXBkYXRlIjo2MDAwMDAwMDAwMDB9LCJzY2hlbWFfdmVyc2lvbiI6IjEifQ==",
          "dependencies": [
            "aws_default_subnet.default",
            "module.jenkins.aws_security_group.jenkins_sg"
          ]
        }
      ]
    },
    {
      "module": "module.jenkins",
      "mode": "managed",
      "type": "aws_security_group",
      "name": "jenkins_sg",
      "provider": "provider[\"registry.terraform.io/hashicorp/aws\"]",
      "instances": [
        {
          "schema_version": 1,
          "attributes": {
            "arn": "arn:aws:ec2:us-east-1:865818553131:security-group/sg-0dac0469e73d91664",
            "description": "Jenkins security group",
            "egress": [
              {
                "cidr_blocks": [
                  "0.0.0.0/0"
                ],
                "description": "",
                "from_port": 0,
                "ipv6_cidr_blocks": [],
                "prefix_list_ids": [],
                "protocol": "-1",
                "security_groups": [],
                "self": false,
                "to_port": 0
              }
            ],
            "id": "sg-0b79f626e4184b2d6",
            "ingress": [
              {
                "cidr_blocks": [
                  "0.0.0.0/0"
                ],
                "description": "",
                "from_port": 22,
                "ipv6_cidr_blocks": [],
                "prefix_list_ids": [],
                "protocol": "tcp",
                "security_groups": [],
                "self": false,
                "to_port": 22
              },
              {
                "cidr_blocks": [
                  "0.0.0.0/0"
                ],
                "description": "",
                "from_port": 8080,
                "ipv6_cidr_blocks": [],
                "prefix_list_ids": [],
                "protocol": "tcp",
                "security_groups": [],
                "self": false,
                "to_port": 8080
              }
            ],
            "name": "jenkins",
            "name_prefix": "",
            "owner_id": "865818553131",
            "revoke_rules_on_delete": false,
            "tags": null,
            "tags_all": {},
            "timeouts": null,
            "vpc_id": "vpc-029f9a808713e3256"
          },
          "sensitive_attributes": [],
          "private": "eyJlMmJmYjczMC1lY2FhLTExZTYtOGY4OC0zNDM2M2JjN2M0YzAiOnsiY3JlYXRlIjo2MDAwMDAwMDAwMDAsImRlbGV0ZSI6OTAwMDAwMDAwMDAwfSwic2NoZW1hX3ZlcnNpb24iOiIxIn0="
        }
      ]
    },
    {
      "module": "module.nexus",
      "mode": "managed",
      "type": "aws_instance",
      "name": "nexus",
      "provider": "provider[\"registry.terraform.io/hashicorp/aws\"]",
      "instances": [
        {
          "schema_version": 1,
          "attributes": {
            "ami": "ami-0fa1de1d60de6a97e",
            "arn": "arn:aws:ec2:us-east-1:865818553131:instance/i-09deb08cfdfc74cef",
            "associate_public_ip_address": true,
            "availability_zone": "us-east-1a",
            "capacity_reservation_specification": [
              {
                "capacity_reservation_preference": "open",
                "capacity_reservation_target": []
              }
            ],
            "cpu_core_count": 1,
            "cpu_threads_per_core": 1,
            "credit_specification": [
              {
                "cpu_credits": "standard"
              }
            ],
            "disable_api_stop": false,
            "disable_api_termination": false,
            "ebs_block_device": [],
            "ebs_optimized": false,
            "enclave_options": [
              {
                "enabled": false
              }
            ],
            "ephemeral_block_device": [],
            "get_password_data": false,
            "hibernation": false,
            "host_id": "",
            "host_resource_group_arn": null,
            "iam_instance_profile": "",
            "id": "i-09deb08cfdfc74cef",
            "instance_initiated_shutdown_behavior": "stop",
            "instance_state": "running",
            "instance_type": "t2.micro",
            "ipv6_address_count": 0,
            "ipv6_addresses": [],
            "key_name": "jenkins_nexus",
            "launch_template": [],
            "maintenance_options": [
              {
                "auto_recovery": "default"
              }
            ],
            "metadata_options": [
              {
                "http_endpoint": "enabled",
                "http_put_response_hop_limit": 1,
                "http_tokens": "optional",
                "instance_metadata_tags": "disabled"
              }
            ],
            "monitoring": false,
            "network_interface": [],
            "outpost_arn": "",
            "password_data": "",
            "placement_group": "",
            "placement_partition_number": 0,
            "primary_network_interface_id": "eni-01d455fc3bdfe74fe",
            "private_dns": "ip-172-31-22-87.ec2.internal",
            "private_dns_name_options": [
              {
                "enable_resource_name_dns_a_record": false,
                "enable_resource_name_dns_aaaa_record": false,
                "hostname_type": "ip-name"
              }
            ],
            "private_ip": "172.31.22.87",
            "public_dns": "ec2-3-85-111-208.compute-1.amazonaws.com",
            "public_ip": "3.85.111.208",
            "root_block_device": [
              {
                "delete_on_termination": true,
                "device_name": "/dev/xvda",
                "encrypted": false,
                "iops": 100,
                "kms_key_id": "",
                "tags": {},
                "throughput": 0,
                "volume_id": "vol-0eb9df028897589aa",
                "volume_size": 8,
                "volume_type": "gp2"
              }
            ],
            "secondary_private_ips": [],
            "security_groups": [
              "nexus_sg"
            ],
            "source_dest_check": true,
            "subnet_id": "subnet-0c33d07bf32823deb",
            "tags": {
              "Name": "Nexus"
            },
            "tags_all": {
              "Name": "Nexus"
            },
            "tenancy": "default",
            "timeouts": null,
            "user_data": null,
            "user_data_base64": null,
            "user_data_replace_on_change": false,
            "volume_tags": null,
            "vpc_security_group_ids": [
              "sg-081e786e46e642e54"
            ]
          },
          "sensitive_attributes": [],
          "private": "eyJlMmJmYjczMC1lY2FhLTExZTYtOGY4OC0zNDM2M2JjN2M0YzAiOnsiY3JlYXRlIjo2MDAwMDAwMDAwMDAsImRlbGV0ZSI6MTIwMDAwMDAwMDAwMCwidXBkYXRlIjo2MDAwMDAwMDAwMDB9LCJzY2hlbWFfdmVyc2lvbiI6IjEifQ==",
          "dependencies": [
            "aws_default_subnet.default",
            "module.nexus.aws_security_group.nexus_sg"
          ]
        }
      ]
    },
    {
      "module": "module.nexus",
      "mode": "managed",
      "type": "aws_security_group",
      "name": "nexus_sg",
      "provider": "provider[\"registry.terraform.io/hashicorp/aws\"]",
      "instances": [
        {
          "schema_version": 1,
          "attributes": {
            "arn": "arn:aws:ec2:us-east-1:865818553131:security-group/sg-081e786e46e642e54",
            "description": "Security group for Nexus server",
            "egress": [
              {
                "cidr_blocks": [
                  "0.0.0.0/0"
                ],
                "description": "",
                "from_port": 0,
                "ipv6_cidr_blocks": [],
                "prefix_list_ids": [],
                "protocol": "-1",
                "security_groups": [],
                "self": false,
                "to_port": 0
              }
            ],
            "id": "sg-081e786e46e642e54",
            "ingress": [
              {
                "cidr_blocks": [
                  "0.0.0.0/0"
                ],
                "description": "",
                "from_port": 22,
                "ipv6_cidr_blocks": [],
                "prefix_list_ids": [],
                "protocol": "tcp",
                "security_groups": [],
                "self": false,
                "to_port": 22
              },
              {
                "cidr_blocks": [
                  "0.0.0.0/0"
                ],
                "description": "",
                "from_port": 8081,
                "ipv6_cidr_blocks": [],
                "prefix_list_ids": [],
                "protocol": "tcp",
                "security_groups": [],
                "self": false,
                "to_port": 8081
              }
            ],
            "name": "nexus_sg",
            "name_prefix": "",
            "owner_id": "865818553131",
            "revoke_rules_on_delete": false,
            "tags": null,
            "tags_all": {},
            "timeouts": null,
            "vpc_id": "vpc-029f9a808713e3256"
          },
          "sensitive_attributes": [],
          "private": "eyJlMmJmYjczMC1lY2FhLTExZTYtOGY4OC0zNDM2M2JjN2M0YzAiOnsiY3JlYXRlIjo2MDAwMDAwMDAwMDAsImRlbGV0ZSI6OTAwMDAwMDAwMDAwfSwic2NoZW1hX3ZlcnNpb24iOiIxIn0="
        }
      ]
    }
  ]
}
